// !$*UTF8*$!
{
	archiveVersion = 1;
	classes = {
	};
	objectVersion = 51;
	objects = {

/* Begin PBXBuildFile section */
		0EDD23484A5A214B04612924 /* Pods_Moop.framework in Frameworks */ = {isa = PBXBuildFile; fileRef = 0FB0F0F28D907F86F889E893 /* Pods_Moop.framework */; };
		221FA43CED0AA47B7BF7E5FD /* Pods_Networking.framework in Frameworks */ = {isa = PBXBuildFile; fileRef = B77CA98EA67509EB217ECF11 /* Pods_Networking.framework */; };
		3C1B6E692297A80E009CB740 /* TheaterRankView.swift in Sources */ = {isa = PBXBuildFile; fileRef = 3C1B6E682297A80E009CB740 /* TheaterRankView.swift */; };
		3C34938B22E7584A00A77343 /* FavoriteViewController.swift in Sources */ = {isa = PBXBuildFile; fileRef = 3C34938A22E7584A00A77343 /* FavoriteViewController.swift */; };
		3C34938D22E75DA700A77343 /* MovieInfoManager.swift in Sources */ = {isa = PBXBuildFile; fileRef = 3C34938C22E75DA700A77343 /* MovieInfoManager.swift */; };
		3C6601F422956D38000BA333 /* AppDelegate.swift in Sources */ = {isa = PBXBuildFile; fileRef = 3C6601F322956D38000BA333 /* AppDelegate.swift */; };
		3C6601F622956D38000BA333 /* SettingViewController.swift in Sources */ = {isa = PBXBuildFile; fileRef = 3C6601F522956D38000BA333 /* SettingViewController.swift */; };
		3C6601F922956D38000BA333 /* Main.storyboard in Resources */ = {isa = PBXBuildFile; fileRef = 3C6601F722956D38000BA333 /* Main.storyboard */; };
		3C6601FB22956D39000BA333 /* Assets.xcassets in Resources */ = {isa = PBXBuildFile; fileRef = 3C6601FA22956D39000BA333 /* Assets.xcassets */; };
		3C6601FE22956D39000BA333 /* LaunchScreen.storyboard in Resources */ = {isa = PBXBuildFile; fileRef = 3C6601FC22956D39000BA333 /* LaunchScreen.storyboard */; };
		3C66020922956D3A000BA333 /* MoopTests.swift in Sources */ = {isa = PBXBuildFile; fileRef = 3C66020822956D3A000BA333 /* MoopTests.swift */; };
		3C66021A22959A18000BA333 /* MovieCell.swift in Sources */ = {isa = PBXBuildFile; fileRef = 3C66021822959A18000BA333 /* MovieCell.swift */; };
		3C66021B22959A18000BA333 /* MovieCell.xib in Resources */ = {isa = PBXBuildFile; fileRef = 3C66021922959A18000BA333 /* MovieCell.xib */; };
		3C66021F22959F04000BA333 /* MovieResponse.swift in Sources */ = {isa = PBXBuildFile; fileRef = 3C66021E22959F04000BA333 /* MovieResponse.swift */; };
		3C7675252299172C0052BEB6 /* UIColor+Extension.swift in Sources */ = {isa = PBXBuildFile; fileRef = 3C7675242299172C0052BEB6 /* UIColor+Extension.swift */; };
		3C76752B2299529C0052BEB6 /* SettingHeaderCell.swift in Sources */ = {isa = PBXBuildFile; fileRef = 3C7675292299529C0052BEB6 /* SettingHeaderCell.swift */; };
		3C76752C2299529C0052BEB6 /* SettingHeaderCell.xib in Resources */ = {isa = PBXBuildFile; fileRef = 3C76752A2299529C0052BEB6 /* SettingHeaderCell.xib */; };
		3C76752F229953590052BEB6 /* SettingItemCell.swift in Sources */ = {isa = PBXBuildFile; fileRef = 3C76752D229953590052BEB6 /* SettingItemCell.swift */; };
		3C767530229953590052BEB6 /* SettingItemCell.xib in Resources */ = {isa = PBXBuildFile; fileRef = 3C76752E229953590052BEB6 /* SettingItemCell.xib */; };
		3C767533229954A80052BEB6 /* SettingDividerCell.swift in Sources */ = {isa = PBXBuildFile; fileRef = 3C767531229954A80052BEB6 /* SettingDividerCell.swift */; };
		3C767534229954A80052BEB6 /* SettingDividerCell.xib in Resources */ = {isa = PBXBuildFile; fileRef = 3C767532229954A80052BEB6 /* SettingDividerCell.xib */; };
		3C947A8C22D736170075E4DE /* FilterViewController.swift in Sources */ = {isa = PBXBuildFile; fileRef = 3C947A8B22D736170075E4DE /* FilterViewController.swift */; };
		3C947A8E22D73C120075E4DE /* UserDefaults+Extension.swift in Sources */ = {isa = PBXBuildFile; fileRef = 3C947A8D22D73C120075E4DE /* UserDefaults+Extension.swift */; };
		3CB52E6922B4DC7D009FD7D1 /* TrailerCell.swift in Sources */ = {isa = PBXBuildFile; fileRef = 3CB52E6822B4DC7D009FD7D1 /* TrailerCell.swift */; };
		3CB52E6B22B4DF84009FD7D1 /* TrailerFooterCell.swift in Sources */ = {isa = PBXBuildFile; fileRef = 3CB52E6A22B4DF84009FD7D1 /* TrailerFooterCell.swift */; };
		3CB52E6D22B4F0B5009FD7D1 /* TrailerHeaderCell.swift in Sources */ = {isa = PBXBuildFile; fileRef = 3CB52E6C22B4F0B5009FD7D1 /* TrailerHeaderCell.swift */; };
		3CB52E6F22B4F3BA009FD7D1 /* NaverInfoCell.swift in Sources */ = {isa = PBXBuildFile; fileRef = 3CB52E6E22B4F3BA009FD7D1 /* NaverInfoCell.swift */; };
		3CB6E84B22B8EFF2008F382C /* ShortcutManager.swift in Sources */ = {isa = PBXBuildFile; fileRef = 3CB6E84A22B8EFF2008F382C /* ShortcutManager.swift */; };
		3CB6E84D22B9C518008F382C /* MainTabBarController.swift in Sources */ = {isa = PBXBuildFile; fileRef = 3CB6E84C22B9C518008F382C /* MainTabBarController.swift */; };
		3CBD5EB422960DF7005A24E4 /* MovieDetailView.swift in Sources */ = {isa = PBXBuildFile; fileRef = 3CBD5EB322960DF7005A24E4 /* MovieDetailView.swift */; };
		3CDCD79122BDD7C400DDD14B /* NotificationManager.swift in Sources */ = {isa = PBXBuildFile; fileRef = 3CDCD79022BDD7C400DDD14B /* NotificationManager.swift */; };
		3CF5B8D1229ACE5F00A4C2BB /* Pods-Moop-acknowledgements.plist in Resources */ = {isa = PBXBuildFile; fileRef = 3CF5B8D0229ACE5F00A4C2BB /* Pods-Moop-acknowledgements.plist */; };
		A00671C622FBBBE9002FE813 /* Localizable.strings in Resources */ = {isa = PBXBuildFile; fileRef = A00671C822FBBBE9002FE813 /* Localizable.strings */; };
		A00671CE22FBBC2B002FE813 /* InfoPlist.strings in Resources */ = {isa = PBXBuildFile; fileRef = A00671CD22FBBC2B002FE813 /* InfoPlist.strings */; };
		A00671E522FC018A002FE813 /* Setting.storyboard in Resources */ = {isa = PBXBuildFile; fileRef = A00671E722FC018A002FE813 /* Setting.storyboard */; };
		A00671F122FC095E002FE813 /* Favorite.storyboard in Resources */ = {isa = PBXBuildFile; fileRef = A00671F322FC095E002FE813 /* Favorite.storyboard */; };
		A00DBC61240BAC21007AFAFF /* MovieDetailPresenter.swift in Sources */ = {isa = PBXBuildFile; fileRef = A00DBC60240BAC21007AFAFF /* MovieDetailPresenter.swift */; };
		A00DBC63240BAC2D007AFAFF /* MovieDetailProtocols.swift in Sources */ = {isa = PBXBuildFile; fileRef = A00DBC62240BAC2D007AFAFF /* MovieDetailProtocols.swift */; };
		A00DBC65240BB061007AFAFF /* MovieDetailResponse.swift in Sources */ = {isa = PBXBuildFile; fileRef = A00DBC64240BB061007AFAFF /* MovieDetailResponse.swift */; };
		A00DBC69240E3E62007AFAFF /* NationInfo.swift in Sources */ = {isa = PBXBuildFile; fileRef = A00DBC68240E3E62007AFAFF /* NationInfo.swift */; };
		A01007EC232A6FDC00DC9B55 /* Log.swift in Sources */ = {isa = PBXBuildFile; fileRef = A01007EB232A6FDC00DC9B55 /* Log.swift */; };
		A017CDE522FD36B5002D4B11 /* PosterViewController.swift in Sources */ = {isa = PBXBuildFile; fileRef = A017CDE422FD36B5002D4B11 /* PosterViewController.swift */; };
		A02133EF22F1934000AD6D0E /* Storyboard.swift in Sources */ = {isa = PBXBuildFile; fileRef = A02133EE22F1934000AD6D0E /* Storyboard.swift */; };
		A022A81C23F57DDB00D13FF7 /* Movie.swift in Sources */ = {isa = PBXBuildFile; fileRef = A022A81B23F57DDB00D13FF7 /* Movie.swift */; };
		A0434E3A22F089CB004C086B /* MapViewController.swift in Sources */ = {isa = PBXBuildFile; fileRef = A0434E3922F089CB004C086B /* MapViewController.swift */; };
		A0434E3C22F129AC004C086B /* MapInfo.swift in Sources */ = {isa = PBXBuildFile; fileRef = A0434E3B22F129AC004C086B /* MapInfo.swift */; };
		A04A4EA82307E884008B0944 /* Networking.framework in Frameworks */ = {isa = PBXBuildFile; fileRef = A04A4E9F2307E884008B0944 /* Networking.framework */; };
		A04A4EAF2307E884008B0944 /* NetworkingTests.swift in Sources */ = {isa = PBXBuildFile; fileRef = A04A4EAE2307E884008B0944 /* NetworkingTests.swift */; };
		A04A4EB12307E884008B0944 /* Networking.h in Headers */ = {isa = PBXBuildFile; fileRef = A04A4EA12307E884008B0944 /* Networking.h */; settings = {ATTRIBUTES = (Public, ); }; };
		A04A4EB42307E884008B0944 /* Networking.framework in Frameworks */ = {isa = PBXBuildFile; fileRef = A04A4E9F2307E884008B0944 /* Networking.framework */; };
		A04A4EB52307E884008B0944 /* Networking.framework in Embed Frameworks */ = {isa = PBXBuildFile; fileRef = A04A4E9F2307E884008B0944 /* Networking.framework */; settings = {ATTRIBUTES = (CodeSignOnCopy, RemoveHeadersOnCopy, ); }; };
		A04A4EBE2307E8F4008B0944 /* API.swift in Sources */ = {isa = PBXBuildFile; fileRef = A04A4EBD2307E8F4008B0944 /* API.swift */; };
		A04A4EC12307EF5D008B0944 /* APIError.swift in Sources */ = {isa = PBXBuildFile; fileRef = A04A4EC02307EF5D008B0944 /* APIError.swift */; };
		A054A99223F6855B00E8ADFE /* MovieTimeData.swift in Sources */ = {isa = PBXBuildFile; fileRef = A054A99123F6855B00E8ADFE /* MovieTimeData.swift */; };
		A0573A61238A4F7600DA00CE /* Jamo.swift in Sources */ = {isa = PBXBuildFile; fileRef = A0573A60238A4F7600DA00CE /* Jamo.swift */; };
		A063DD272410B20200DE144D /* Detail.storyboard in Resources */ = {isa = PBXBuildFile; fileRef = A063DD262410B20200DE144D /* Detail.storyboard */; };
		A063DD292410B87300DE144D /* RealmManager.swift in Sources */ = {isa = PBXBuildFile; fileRef = A063DD282410B87300DE144D /* RealmManager.swift */; };
		A06A98A92379709600A6B87D /* FilterData.swift in Sources */ = {isa = PBXBuildFile; fileRef = A06A98A82379709600A6B87D /* FilterData.swift */; };
		A08E90552349E349007BFA96 /* Config.swift in Sources */ = {isa = PBXBuildFile; fileRef = A08E90542349E349007BFA96 /* Config.swift */; };
		A08E905A2349E447007BFA96 /* GoogleService-Info.plist in Resources */ = {isa = PBXBuildFile; fileRef = A08E90592349E447007BFA96 /* GoogleService-Info.plist */; };
		A0B22468234B6D1A0010F65D /* MovieInfoLabelView.swift in Sources */ = {isa = PBXBuildFile; fileRef = A0B22467234B6D1A0010F65D /* MovieInfoLabelView.swift */; };
		A0B6F7BF2307EA2F008A3949 /* APISetupManager.swift in Sources */ = {isa = PBXBuildFile; fileRef = A0B6F7BE2307EA2F008A3949 /* APISetupManager.swift */; };
		A0CAC9D9234CC63A0076E432 /* MovieInfoPlotCell.swift in Sources */ = {isa = PBXBuildFile; fileRef = A0CAC9D8234CC63A0076E432 /* MovieInfoPlotCell.swift */; };
		A0CAC9DB234D5C6A0076E432 /* MovieInfoPlotCell.xib in Resources */ = {isa = PBXBuildFile; fileRef = A0CAC9DA234D5C6A0076E432 /* MovieInfoPlotCell.xib */; };
		A0CAC9DE234D5EDF0076E432 /* TrailerCell.xib in Resources */ = {isa = PBXBuildFile; fileRef = A0CAC9DD234D5EDF0076E432 /* TrailerCell.xib */; };
		A0CAC9E0234D5F460076E432 /* TrailerFooterCell.xib in Resources */ = {isa = PBXBuildFile; fileRef = A0CAC9DF234D5F460076E432 /* TrailerFooterCell.xib */; };
		A0CAC9E2234D5F760076E432 /* TrailerHeaderCell.xib in Resources */ = {isa = PBXBuildFile; fileRef = A0CAC9E1234D5F760076E432 /* TrailerHeaderCell.xib */; };
		A0CAC9E4234D60380076E432 /* NaverInfoCell.xib in Resources */ = {isa = PBXBuildFile; fileRef = A0CAC9E3234D60380076E432 /* NaverInfoCell.xib */; };
		A0CAC9E7234D63830076E432 /* TheaterCell.swift in Sources */ = {isa = PBXBuildFile; fileRef = A0CAC9E5234D63830076E432 /* TheaterCell.swift */; };
		A0CAC9E8234D63830076E432 /* TheaterCell.xib in Resources */ = {isa = PBXBuildFile; fileRef = A0CAC9E6234D63830076E432 /* TheaterCell.xib */; };
		A0CAC9EB234D656E0076E432 /* PosterWithInfoCell.swift in Sources */ = {isa = PBXBuildFile; fileRef = A0CAC9E9234D656E0076E432 /* PosterWithInfoCell.swift */; };
		A0CAC9EC234D656E0076E432 /* PosterWithInfoCell.xib in Resources */ = {isa = PBXBuildFile; fileRef = A0CAC9EA234D656E0076E432 /* PosterWithInfoCell.xib */; };
		A0CAC9EE234D67380076E432 /* TheaterType.swift in Sources */ = {isa = PBXBuildFile; fileRef = A0CAC9ED234D67380076E432 /* TheaterType.swift */; };
		A0CAC9F1234D681C0076E432 /* BoxOfficeCell.swift in Sources */ = {isa = PBXBuildFile; fileRef = A0CAC9EF234D681C0076E432 /* BoxOfficeCell.swift */; };
		A0CAC9F4234D6A520076E432 /* Date+Extension.swift in Sources */ = {isa = PBXBuildFile; fileRef = A0CAC9F3234D6A520076E432 /* Date+Extension.swift */; };
		A0CAC9F6234D8A490076E432 /* Int+Extension.swift in Sources */ = {isa = PBXBuildFile; fileRef = A0CAC9F5234D8A490076E432 /* Int+Extension.swift */; };
		A0CAC9F8234D8AE70076E432 /* PaddingLabel.swift in Sources */ = {isa = PBXBuildFile; fileRef = A0CAC9F7234D8AE70076E432 /* PaddingLabel.swift */; };
		A0CAC9FB234DB5AE0076E432 /* ImdbCell.swift in Sources */ = {isa = PBXBuildFile; fileRef = A0CAC9F9234DB5AE0076E432 /* ImdbCell.swift */; };
		A0CAC9FC234DB5AE0076E432 /* ImdbCell.xib in Resources */ = {isa = PBXBuildFile; fileRef = A0CAC9FA234DB5AE0076E432 /* ImdbCell.xib */; };
		A0CAC9FE234F33260076E432 /* NativeAdCell.xib in Resources */ = {isa = PBXBuildFile; fileRef = A0CAC9FD234F33260076E432 /* NativeAdCell.xib */; };
		A0CACA00234F3B7F0076E432 /* NativeAdCell.swift in Sources */ = {isa = PBXBuildFile; fileRef = A0CAC9FF234F3B7F0076E432 /* NativeAdCell.swift */; };
		A0CACA02234F48890076E432 /* AdConfig.swift in Sources */ = {isa = PBXBuildFile; fileRef = A0CACA01234F48890076E432 /* AdConfig.swift */; };
		A0CACA05234F4BAA0076E432 /* StoreKit.framework in Frameworks */ = {isa = PBXBuildFile; fileRef = A0CACA04234F4BAA0076E432 /* StoreKit.framework */; };
		A0CAEBBF22FAEAD800C5C662 /* MapRouteView.swift in Sources */ = {isa = PBXBuildFile; fileRef = A0CAEBBE22FAEAD800C5C662 /* MapRouteView.swift */; };
		A0D2462822F3DCF100F48CBA /* AgeType.swift in Sources */ = {isa = PBXBuildFile; fileRef = A0D2462722F3DCF100F48CBA /* AgeType.swift */; };
		A0EBD3AD2351DB03007A23EB /* MovieViewSegmentedControl.swift in Sources */ = {isa = PBXBuildFile; fileRef = A0EBD3AC2351DB03007A23EB /* MovieViewSegmentedControl.swift */; };
		A0EBD3B02351E243007A23EB /* MovieView.swift in Sources */ = {isa = PBXBuildFile; fileRef = A0EBD3AF2351E243007A23EB /* MovieView.swift */; };
		A0EBD3B42351E4A8007A23EB /* MoviePresenter.swift in Sources */ = {isa = PBXBuildFile; fileRef = A0EBD3B32351E4A8007A23EB /* MoviePresenter.swift */; };
		A0EBD3B62351E636007A23EB /* MovieModel.swift in Sources */ = {isa = PBXBuildFile; fileRef = A0EBD3B52351E636007A23EB /* MovieModel.swift */; };
		A0EBD3BA2351E86F007A23EB /* MovieProtocols.swift in Sources */ = {isa = PBXBuildFile; fileRef = A0EBD3B92351E86F007A23EB /* MovieProtocols.swift */; };
		A0EBD3BB235480E8007A23EB /* Movie.storyboard in Resources */ = {isa = PBXBuildFile; fileRef = A0EBD3BD235480E8007A23EB /* Movie.storyboard */; };
		A0EBD3CA23548367007A23EB /* BoxOfficeCell.xib in Resources */ = {isa = PBXBuildFile; fileRef = A0EBD3CC23548367007A23EB /* BoxOfficeCell.xib */; };
		B0C760EE98FDCCE04F4B94C2 /* Pods_MoopTests.framework in Frameworks */ = {isa = PBXBuildFile; fileRef = F6D7796071955DEAF3E6A7AF /* Pods_MoopTests.framework */; };
/* End PBXBuildFile section */

/* Begin PBXContainerItemProxy section */
		3C66020522956D3A000BA333 /* PBXContainerItemProxy */ = {
			isa = PBXContainerItemProxy;
			containerPortal = 3C6601E822956D38000BA333 /* Project object */;
			proxyType = 1;
			remoteGlobalIDString = 3C6601EF22956D38000BA333;
			remoteInfo = Moop;
		};
		A04A4EA92307E884008B0944 /* PBXContainerItemProxy */ = {
			isa = PBXContainerItemProxy;
			containerPortal = 3C6601E822956D38000BA333 /* Project object */;
			proxyType = 1;
			remoteGlobalIDString = A04A4E9E2307E884008B0944;
			remoteInfo = Networking;
		};
		A04A4EAB2307E884008B0944 /* PBXContainerItemProxy */ = {
			isa = PBXContainerItemProxy;
			containerPortal = 3C6601E822956D38000BA333 /* Project object */;
			proxyType = 1;
			remoteGlobalIDString = 3C6601EF22956D38000BA333;
			remoteInfo = Moop;
		};
		A04A4EB22307E884008B0944 /* PBXContainerItemProxy */ = {
			isa = PBXContainerItemProxy;
			containerPortal = 3C6601E822956D38000BA333 /* Project object */;
			proxyType = 1;
			remoteGlobalIDString = A04A4E9E2307E884008B0944;
			remoteInfo = Networking;
		};
/* End PBXContainerItemProxy section */

/* Begin PBXCopyFilesBuildPhase section */
		A04A4EB62307E884008B0944 /* Embed Frameworks */ = {
			isa = PBXCopyFilesBuildPhase;
			buildActionMask = 2147483647;
			dstPath = "";
			dstSubfolderSpec = 10;
			files = (
				A04A4EB52307E884008B0944 /* Networking.framework in Embed Frameworks */,
			);
			name = "Embed Frameworks";
			runOnlyForDeploymentPostprocessing = 0;
		};
/* End PBXCopyFilesBuildPhase section */

/* Begin PBXFileReference section */
		0FB0F0F28D907F86F889E893 /* Pods_Moop.framework */ = {isa = PBXFileReference; explicitFileType = wrapper.framework; includeInIndex = 0; path = Pods_Moop.framework; sourceTree = BUILT_PRODUCTS_DIR; };
		14FCFAAA46A550D61B0571B0 /* Pods-MoopTests.release.xcconfig */ = {isa = PBXFileReference; includeInIndex = 1; lastKnownFileType = text.xcconfig; name = "Pods-MoopTests.release.xcconfig"; path = "Target Support Files/Pods-MoopTests/Pods-MoopTests.release.xcconfig"; sourceTree = "<group>"; };
		353A0FABCEE2360CA22903D0 /* Pods-Networking.debug.xcconfig */ = {isa = PBXFileReference; includeInIndex = 1; lastKnownFileType = text.xcconfig; name = "Pods-Networking.debug.xcconfig"; path = "Target Support Files/Pods-Networking/Pods-Networking.debug.xcconfig"; sourceTree = "<group>"; };
		3C1B6E682297A80E009CB740 /* TheaterRankView.swift */ = {isa = PBXFileReference; lastKnownFileType = sourcecode.swift; path = TheaterRankView.swift; sourceTree = "<group>"; };
		3C34938A22E7584A00A77343 /* FavoriteViewController.swift */ = {isa = PBXFileReference; lastKnownFileType = sourcecode.swift; path = FavoriteViewController.swift; sourceTree = "<group>"; };
		3C34938C22E75DA700A77343 /* MovieInfoManager.swift */ = {isa = PBXFileReference; lastKnownFileType = sourcecode.swift; path = MovieInfoManager.swift; sourceTree = "<group>"; };
		3C6601F022956D38000BA333 /* DEV-Moop.app */ = {isa = PBXFileReference; explicitFileType = wrapper.application; includeInIndex = 0; path = "DEV-Moop.app"; sourceTree = BUILT_PRODUCTS_DIR; };
		3C6601F322956D38000BA333 /* AppDelegate.swift */ = {isa = PBXFileReference; lastKnownFileType = sourcecode.swift; path = AppDelegate.swift; sourceTree = "<group>"; };
		3C6601F522956D38000BA333 /* SettingViewController.swift */ = {isa = PBXFileReference; lastKnownFileType = sourcecode.swift; path = SettingViewController.swift; sourceTree = "<group>"; };
		3C6601F822956D38000BA333 /* Base */ = {isa = PBXFileReference; lastKnownFileType = file.storyboard; name = Base; path = Base.lproj/Main.storyboard; sourceTree = "<group>"; };
		3C6601FA22956D39000BA333 /* Assets.xcassets */ = {isa = PBXFileReference; lastKnownFileType = folder.assetcatalog; path = Assets.xcassets; sourceTree = "<group>"; };
		3C6601FD22956D39000BA333 /* Base */ = {isa = PBXFileReference; lastKnownFileType = file.storyboard; name = Base; path = Base.lproj/LaunchScreen.storyboard; sourceTree = "<group>"; };
		3C6601FF22956D39000BA333 /* Info.plist */ = {isa = PBXFileReference; lastKnownFileType = text.plist.xml; path = Info.plist; sourceTree = "<group>"; };
		3C66020422956D39000BA333 /* MoopTests.xctest */ = {isa = PBXFileReference; explicitFileType = wrapper.cfbundle; includeInIndex = 0; path = MoopTests.xctest; sourceTree = BUILT_PRODUCTS_DIR; };
		3C66020822956D3A000BA333 /* MoopTests.swift */ = {isa = PBXFileReference; lastKnownFileType = sourcecode.swift; path = MoopTests.swift; sourceTree = "<group>"; };
		3C66020A22956D3A000BA333 /* Info.plist */ = {isa = PBXFileReference; lastKnownFileType = text.plist.xml; path = Info.plist; sourceTree = "<group>"; };
		3C66021822959A18000BA333 /* MovieCell.swift */ = {isa = PBXFileReference; lastKnownFileType = sourcecode.swift; path = MovieCell.swift; sourceTree = "<group>"; };
		3C66021922959A18000BA333 /* MovieCell.xib */ = {isa = PBXFileReference; lastKnownFileType = file.xib; path = MovieCell.xib; sourceTree = "<group>"; };
		3C66021E22959F04000BA333 /* MovieResponse.swift */ = {isa = PBXFileReference; lastKnownFileType = sourcecode.swift; path = MovieResponse.swift; sourceTree = "<group>"; };
		3C7675242299172C0052BEB6 /* UIColor+Extension.swift */ = {isa = PBXFileReference; lastKnownFileType = sourcecode.swift; path = "UIColor+Extension.swift"; sourceTree = "<group>"; };
		3C7675292299529C0052BEB6 /* SettingHeaderCell.swift */ = {isa = PBXFileReference; lastKnownFileType = sourcecode.swift; path = SettingHeaderCell.swift; sourceTree = "<group>"; };
		3C76752A2299529C0052BEB6 /* SettingHeaderCell.xib */ = {isa = PBXFileReference; lastKnownFileType = file.xib; path = SettingHeaderCell.xib; sourceTree = "<group>"; };
		3C76752D229953590052BEB6 /* SettingItemCell.swift */ = {isa = PBXFileReference; lastKnownFileType = sourcecode.swift; path = SettingItemCell.swift; sourceTree = "<group>"; };
		3C76752E229953590052BEB6 /* SettingItemCell.xib */ = {isa = PBXFileReference; lastKnownFileType = file.xib; path = SettingItemCell.xib; sourceTree = "<group>"; };
		3C767531229954A80052BEB6 /* SettingDividerCell.swift */ = {isa = PBXFileReference; lastKnownFileType = sourcecode.swift; path = SettingDividerCell.swift; sourceTree = "<group>"; };
		3C767532229954A80052BEB6 /* SettingDividerCell.xib */ = {isa = PBXFileReference; lastKnownFileType = file.xib; path = SettingDividerCell.xib; sourceTree = "<group>"; };
		3C947A8B22D736170075E4DE /* FilterViewController.swift */ = {isa = PBXFileReference; lastKnownFileType = sourcecode.swift; path = FilterViewController.swift; sourceTree = "<group>"; };
		3C947A8D22D73C120075E4DE /* UserDefaults+Extension.swift */ = {isa = PBXFileReference; lastKnownFileType = sourcecode.swift; path = "UserDefaults+Extension.swift"; sourceTree = "<group>"; };
		3CB52E6822B4DC7D009FD7D1 /* TrailerCell.swift */ = {isa = PBXFileReference; lastKnownFileType = sourcecode.swift; path = TrailerCell.swift; sourceTree = "<group>"; };
		3CB52E6A22B4DF84009FD7D1 /* TrailerFooterCell.swift */ = {isa = PBXFileReference; lastKnownFileType = sourcecode.swift; path = TrailerFooterCell.swift; sourceTree = "<group>"; };
		3CB52E6C22B4F0B5009FD7D1 /* TrailerHeaderCell.swift */ = {isa = PBXFileReference; lastKnownFileType = sourcecode.swift; path = TrailerHeaderCell.swift; sourceTree = "<group>"; };
		3CB52E6E22B4F3BA009FD7D1 /* NaverInfoCell.swift */ = {isa = PBXFileReference; lastKnownFileType = sourcecode.swift; path = NaverInfoCell.swift; sourceTree = "<group>"; };
		3CB6E84A22B8EFF2008F382C /* ShortcutManager.swift */ = {isa = PBXFileReference; lastKnownFileType = sourcecode.swift; path = ShortcutManager.swift; sourceTree = "<group>"; };
		3CB6E84C22B9C518008F382C /* MainTabBarController.swift */ = {isa = PBXFileReference; lastKnownFileType = sourcecode.swift; path = MainTabBarController.swift; sourceTree = "<group>"; };
		3CBD5EB322960DF7005A24E4 /* MovieDetailView.swift */ = {isa = PBXFileReference; lastKnownFileType = sourcecode.swift; path = MovieDetailView.swift; sourceTree = "<group>"; };
		3CDCD79022BDD7C400DDD14B /* NotificationManager.swift */ = {isa = PBXFileReference; lastKnownFileType = sourcecode.swift; path = NotificationManager.swift; sourceTree = "<group>"; };
		3CDCD79222BDDAD100DDD14B /* Moop.entitlements */ = {isa = PBXFileReference; lastKnownFileType = text.plist.entitlements; path = Moop.entitlements; sourceTree = "<group>"; };
		3CF5B8D0229ACE5F00A4C2BB /* Pods-Moop-acknowledgements.plist */ = {isa = PBXFileReference; fileEncoding = 4; lastKnownFileType = text.plist.xml; name = "Pods-Moop-acknowledgements.plist"; path = "Pods/Target Support Files/Pods-Moop/Pods-Moop-acknowledgements.plist"; sourceTree = SOURCE_ROOT; };
		A00671B722FBB916002FE813 /* ko */ = {isa = PBXFileReference; lastKnownFileType = text.plist.strings; name = ko; path = ko.lproj/Main.strings; sourceTree = "<group>"; };
		A00671B822FBB923002FE813 /* ja */ = {isa = PBXFileReference; lastKnownFileType = text.plist.strings; name = ja; path = ja.lproj/Main.strings; sourceTree = "<group>"; };
		A00671C722FBBBE9002FE813 /* en */ = {isa = PBXFileReference; lastKnownFileType = text.plist.strings; name = en; path = en.lproj/Localizable.strings; sourceTree = "<group>"; };
		A00671C922FBBBEA002FE813 /* ja */ = {isa = PBXFileReference; lastKnownFileType = text.plist.strings; name = ja; path = ja.lproj/Localizable.strings; sourceTree = "<group>"; };
		A00671CA22FBBBEA002FE813 /* ko */ = {isa = PBXFileReference; lastKnownFileType = text.plist.strings; name = ko; path = ko.lproj/Localizable.strings; sourceTree = "<group>"; };
		A00671CD22FBBC2B002FE813 /* InfoPlist.strings */ = {isa = PBXFileReference; lastKnownFileType = text.plist.strings; path = InfoPlist.strings; sourceTree = "<group>"; };
		A00671E622FC018A002FE813 /* Base */ = {isa = PBXFileReference; lastKnownFileType = file.storyboard; name = Base; path = Base.lproj/Setting.storyboard; sourceTree = "<group>"; };
		A00671F222FC095E002FE813 /* Base */ = {isa = PBXFileReference; lastKnownFileType = file.storyboard; name = Base; path = Base.lproj/Favorite.storyboard; sourceTree = "<group>"; };
		A00671F522FC0963002FE813 /* en */ = {isa = PBXFileReference; lastKnownFileType = text.plist.strings; name = en; path = en.lproj/Favorite.strings; sourceTree = "<group>"; };
		A00671F722FC0964002FE813 /* ja */ = {isa = PBXFileReference; lastKnownFileType = text.plist.strings; name = ja; path = ja.lproj/Favorite.strings; sourceTree = "<group>"; };
		A00671F922FC0965002FE813 /* ko */ = {isa = PBXFileReference; lastKnownFileType = text.plist.strings; name = ko; path = ko.lproj/Favorite.strings; sourceTree = "<group>"; };
		A00DBC60240BAC21007AFAFF /* MovieDetailPresenter.swift */ = {isa = PBXFileReference; lastKnownFileType = sourcecode.swift; path = MovieDetailPresenter.swift; sourceTree = "<group>"; };
		A00DBC62240BAC2D007AFAFF /* MovieDetailProtocols.swift */ = {isa = PBXFileReference; lastKnownFileType = sourcecode.swift; path = MovieDetailProtocols.swift; sourceTree = "<group>"; };
		A00DBC64240BB061007AFAFF /* MovieDetailResponse.swift */ = {isa = PBXFileReference; lastKnownFileType = sourcecode.swift; path = MovieDetailResponse.swift; sourceTree = "<group>"; };
		A00DBC68240E3E62007AFAFF /* NationInfo.swift */ = {isa = PBXFileReference; fileEncoding = 4; lastKnownFileType = sourcecode.swift; path = NationInfo.swift; sourceTree = "<group>"; };
		A01007EB232A6FDC00DC9B55 /* Log.swift */ = {isa = PBXFileReference; lastKnownFileType = sourcecode.swift; path = Log.swift; sourceTree = "<group>"; };
		A017CDE422FD36B5002D4B11 /* PosterViewController.swift */ = {isa = PBXFileReference; lastKnownFileType = sourcecode.swift; path = PosterViewController.swift; sourceTree = "<group>"; };
		A02133EE22F1934000AD6D0E /* Storyboard.swift */ = {isa = PBXFileReference; lastKnownFileType = sourcecode.swift; path = Storyboard.swift; sourceTree = "<group>"; };
		A022A81B23F57DDB00D13FF7 /* Movie.swift */ = {isa = PBXFileReference; lastKnownFileType = sourcecode.swift; path = Movie.swift; sourceTree = "<group>"; };
		A0434E3922F089CB004C086B /* MapViewController.swift */ = {isa = PBXFileReference; lastKnownFileType = sourcecode.swift; path = MapViewController.swift; sourceTree = "<group>"; };
		A0434E3B22F129AC004C086B /* MapInfo.swift */ = {isa = PBXFileReference; lastKnownFileType = sourcecode.swift; path = MapInfo.swift; sourceTree = "<group>"; };
		A04A4E9F2307E884008B0944 /* Networking.framework */ = {isa = PBXFileReference; explicitFileType = wrapper.framework; includeInIndex = 0; path = Networking.framework; sourceTree = BUILT_PRODUCTS_DIR; };
		A04A4EA12307E884008B0944 /* Networking.h */ = {isa = PBXFileReference; lastKnownFileType = sourcecode.c.h; path = Networking.h; sourceTree = "<group>"; };
		A04A4EA22307E884008B0944 /* Info.plist */ = {isa = PBXFileReference; lastKnownFileType = text.plist.xml; path = Info.plist; sourceTree = "<group>"; };
		A04A4EA72307E884008B0944 /* NetworkingTests.xctest */ = {isa = PBXFileReference; explicitFileType = wrapper.cfbundle; includeInIndex = 0; path = NetworkingTests.xctest; sourceTree = BUILT_PRODUCTS_DIR; };
		A04A4EAE2307E884008B0944 /* NetworkingTests.swift */ = {isa = PBXFileReference; lastKnownFileType = sourcecode.swift; path = NetworkingTests.swift; sourceTree = "<group>"; };
		A04A4EB02307E884008B0944 /* Info.plist */ = {isa = PBXFileReference; lastKnownFileType = text.plist.xml; path = Info.plist; sourceTree = "<group>"; };
		A04A4EBD2307E8F4008B0944 /* API.swift */ = {isa = PBXFileReference; lastKnownFileType = sourcecode.swift; path = API.swift; sourceTree = "<group>"; };
		A04A4EC02307EF5D008B0944 /* APIError.swift */ = {isa = PBXFileReference; lastKnownFileType = sourcecode.swift; path = APIError.swift; sourceTree = "<group>"; };
		A054A99123F6855B00E8ADFE /* MovieTimeData.swift */ = {isa = PBXFileReference; lastKnownFileType = sourcecode.swift; path = MovieTimeData.swift; sourceTree = "<group>"; };
		A0573A60238A4F7600DA00CE /* Jamo.swift */ = {isa = PBXFileReference; lastKnownFileType = sourcecode.swift; path = Jamo.swift; sourceTree = "<group>"; };
		A063DD262410B20200DE144D /* Detail.storyboard */ = {isa = PBXFileReference; lastKnownFileType = file.storyboard; path = Detail.storyboard; sourceTree = "<group>"; };
		A063DD282410B87300DE144D /* RealmManager.swift */ = {isa = PBXFileReference; lastKnownFileType = sourcecode.swift; path = RealmManager.swift; sourceTree = "<group>"; };
		A0657E1F22F8007600EA89FE /* Default.xcconfig */ = {isa = PBXFileReference; lastKnownFileType = text.xcconfig; path = Default.xcconfig; sourceTree = "<group>"; };
		A0657E2122F802CF00EA89FE /* Debug.xcconfig */ = {isa = PBXFileReference; lastKnownFileType = text.xcconfig; path = Debug.xcconfig; sourceTree = "<group>"; };
		A0657E2222F802D900EA89FE /* Release.xcconfig */ = {isa = PBXFileReference; lastKnownFileType = text.xcconfig; path = Release.xcconfig; sourceTree = "<group>"; };
		A06A98A82379709600A6B87D /* FilterData.swift */ = {isa = PBXFileReference; fileEncoding = 4; lastKnownFileType = sourcecode.swift; path = FilterData.swift; sourceTree = "<group>"; };
		A08E90542349E349007BFA96 /* Config.swift */ = {isa = PBXFileReference; fileEncoding = 4; lastKnownFileType = sourcecode.swift; path = Config.swift; sourceTree = "<group>"; };
		A08E90592349E447007BFA96 /* GoogleService-Info.plist */ = {isa = PBXFileReference; fileEncoding = 4; lastKnownFileType = text.plist.xml; path = "GoogleService-Info.plist"; sourceTree = "<group>"; };
		A0B22467234B6D1A0010F65D /* MovieInfoLabelView.swift */ = {isa = PBXFileReference; lastKnownFileType = sourcecode.swift; path = MovieInfoLabelView.swift; sourceTree = "<group>"; };
		A0B6F7BE2307EA2F008A3949 /* APISetupManager.swift */ = {isa = PBXFileReference; lastKnownFileType = sourcecode.swift; path = APISetupManager.swift; sourceTree = "<group>"; };
		A0CAC9D8234CC63A0076E432 /* MovieInfoPlotCell.swift */ = {isa = PBXFileReference; lastKnownFileType = sourcecode.swift; path = MovieInfoPlotCell.swift; sourceTree = "<group>"; };
		A0CAC9DA234D5C6A0076E432 /* MovieInfoPlotCell.xib */ = {isa = PBXFileReference; lastKnownFileType = file.xib; path = MovieInfoPlotCell.xib; sourceTree = "<group>"; };
		A0CAC9DD234D5EDF0076E432 /* TrailerCell.xib */ = {isa = PBXFileReference; lastKnownFileType = file.xib; path = TrailerCell.xib; sourceTree = "<group>"; };
		A0CAC9DF234D5F460076E432 /* TrailerFooterCell.xib */ = {isa = PBXFileReference; lastKnownFileType = file.xib; path = TrailerFooterCell.xib; sourceTree = "<group>"; };
		A0CAC9E1234D5F760076E432 /* TrailerHeaderCell.xib */ = {isa = PBXFileReference; lastKnownFileType = file.xib; path = TrailerHeaderCell.xib; sourceTree = "<group>"; };
		A0CAC9E3234D60380076E432 /* NaverInfoCell.xib */ = {isa = PBXFileReference; lastKnownFileType = file.xib; path = NaverInfoCell.xib; sourceTree = "<group>"; };
		A0CAC9E5234D63830076E432 /* TheaterCell.swift */ = {isa = PBXFileReference; lastKnownFileType = sourcecode.swift; path = TheaterCell.swift; sourceTree = "<group>"; };
		A0CAC9E6234D63830076E432 /* TheaterCell.xib */ = {isa = PBXFileReference; lastKnownFileType = file.xib; path = TheaterCell.xib; sourceTree = "<group>"; };
		A0CAC9E9234D656E0076E432 /* PosterWithInfoCell.swift */ = {isa = PBXFileReference; lastKnownFileType = sourcecode.swift; path = PosterWithInfoCell.swift; sourceTree = "<group>"; };
		A0CAC9EA234D656E0076E432 /* PosterWithInfoCell.xib */ = {isa = PBXFileReference; lastKnownFileType = file.xib; path = PosterWithInfoCell.xib; sourceTree = "<group>"; };
		A0CAC9ED234D67380076E432 /* TheaterType.swift */ = {isa = PBXFileReference; lastKnownFileType = sourcecode.swift; path = TheaterType.swift; sourceTree = "<group>"; };
		A0CAC9EF234D681C0076E432 /* BoxOfficeCell.swift */ = {isa = PBXFileReference; lastKnownFileType = sourcecode.swift; path = BoxOfficeCell.swift; sourceTree = "<group>"; };
		A0CAC9F3234D6A520076E432 /* Date+Extension.swift */ = {isa = PBXFileReference; lastKnownFileType = sourcecode.swift; path = "Date+Extension.swift"; sourceTree = "<group>"; };
		A0CAC9F5234D8A490076E432 /* Int+Extension.swift */ = {isa = PBXFileReference; lastKnownFileType = sourcecode.swift; path = "Int+Extension.swift"; sourceTree = "<group>"; };
		A0CAC9F7234D8AE70076E432 /* PaddingLabel.swift */ = {isa = PBXFileReference; lastKnownFileType = sourcecode.swift; path = PaddingLabel.swift; sourceTree = "<group>"; };
		A0CAC9F9234DB5AE0076E432 /* ImdbCell.swift */ = {isa = PBXFileReference; lastKnownFileType = sourcecode.swift; path = ImdbCell.swift; sourceTree = "<group>"; };
		A0CAC9FA234DB5AE0076E432 /* ImdbCell.xib */ = {isa = PBXFileReference; lastKnownFileType = file.xib; path = ImdbCell.xib; sourceTree = "<group>"; };
		A0CAC9FD234F33260076E432 /* NativeAdCell.xib */ = {isa = PBXFileReference; lastKnownFileType = file.xib; path = NativeAdCell.xib; sourceTree = "<group>"; };
		A0CAC9FF234F3B7F0076E432 /* NativeAdCell.swift */ = {isa = PBXFileReference; lastKnownFileType = sourcecode.swift; path = NativeAdCell.swift; sourceTree = "<group>"; };
		A0CACA01234F48890076E432 /* AdConfig.swift */ = {isa = PBXFileReference; lastKnownFileType = sourcecode.swift; path = AdConfig.swift; sourceTree = "<group>"; };
		A0CACA03234F499F0076E432 /* Ad.xcconfig */ = {isa = PBXFileReference; lastKnownFileType = text.xcconfig; path = Ad.xcconfig; sourceTree = "<group>"; };
		A0CACA04234F4BAA0076E432 /* StoreKit.framework */ = {isa = PBXFileReference; lastKnownFileType = wrapper.framework; name = StoreKit.framework; path = System/Library/Frameworks/StoreKit.framework; sourceTree = SDKROOT; };
		A0CAEBBE22FAEAD800C5C662 /* MapRouteView.swift */ = {isa = PBXFileReference; lastKnownFileType = sourcecode.swift; path = MapRouteView.swift; sourceTree = "<group>"; };
		A0D2462722F3DCF100F48CBA /* AgeType.swift */ = {isa = PBXFileReference; lastKnownFileType = sourcecode.swift; path = AgeType.swift; sourceTree = "<group>"; };
		A0EBD3AC2351DB03007A23EB /* MovieViewSegmentedControl.swift */ = {isa = PBXFileReference; lastKnownFileType = sourcecode.swift; path = MovieViewSegmentedControl.swift; sourceTree = "<group>"; };
		A0EBD3AF2351E243007A23EB /* MovieView.swift */ = {isa = PBXFileReference; lastKnownFileType = sourcecode.swift; path = MovieView.swift; sourceTree = "<group>"; };
		A0EBD3B32351E4A8007A23EB /* MoviePresenter.swift */ = {isa = PBXFileReference; lastKnownFileType = sourcecode.swift; path = MoviePresenter.swift; sourceTree = "<group>"; };
		A0EBD3B52351E636007A23EB /* MovieModel.swift */ = {isa = PBXFileReference; lastKnownFileType = sourcecode.swift; path = MovieModel.swift; sourceTree = "<group>"; };
		A0EBD3B92351E86F007A23EB /* MovieProtocols.swift */ = {isa = PBXFileReference; lastKnownFileType = sourcecode.swift; path = MovieProtocols.swift; sourceTree = "<group>"; };
		A0EBD3BC235480E8007A23EB /* Base */ = {isa = PBXFileReference; lastKnownFileType = file.storyboard; name = Base; path = Base.lproj/Movie.storyboard; sourceTree = "<group>"; };
		A0EBD3BF235480EB007A23EB /* en */ = {isa = PBXFileReference; lastKnownFileType = text.plist.strings; name = en; path = en.lproj/Movie.strings; sourceTree = "<group>"; };
		A0EBD3C1235480EC007A23EB /* ja */ = {isa = PBXFileReference; lastKnownFileType = text.plist.strings; name = ja; path = ja.lproj/Movie.strings; sourceTree = "<group>"; };
		A0EBD3C3235480ED007A23EB /* ko */ = {isa = PBXFileReference; lastKnownFileType = text.plist.strings; name = ko; path = ko.lproj/Movie.strings; sourceTree = "<group>"; };
		A0EBD3C523548203007A23EB /* en */ = {isa = PBXFileReference; lastKnownFileType = text.plist.strings; name = en; path = en.lproj/Setting.strings; sourceTree = "<group>"; };
		A0EBD3C723548215007A23EB /* ja */ = {isa = PBXFileReference; lastKnownFileType = text.plist.strings; name = ja; path = ja.lproj/Setting.strings; sourceTree = "<group>"; };
		A0EBD3C923548218007A23EB /* ko */ = {isa = PBXFileReference; lastKnownFileType = text.plist.strings; name = ko; path = ko.lproj/Setting.strings; sourceTree = "<group>"; };
		A0EBD3CB23548367007A23EB /* Base */ = {isa = PBXFileReference; lastKnownFileType = file.xib; name = Base; path = Base.lproj/BoxOfficeCell.xib; sourceTree = "<group>"; };
		A0EBD3CE23548370007A23EB /* en */ = {isa = PBXFileReference; lastKnownFileType = text.plist.strings; name = en; path = en.lproj/BoxOfficeCell.strings; sourceTree = "<group>"; };
		A0EBD3D023548371007A23EB /* ja */ = {isa = PBXFileReference; lastKnownFileType = text.plist.strings; name = ja; path = ja.lproj/BoxOfficeCell.strings; sourceTree = "<group>"; };
		A0EBD3D223548373007A23EB /* ko */ = {isa = PBXFileReference; lastKnownFileType = text.plist.strings; name = ko; path = ko.lproj/BoxOfficeCell.strings; sourceTree = "<group>"; };
		A748664396DF941852859EA3 /* Pods-Moop.release.xcconfig */ = {isa = PBXFileReference; includeInIndex = 1; lastKnownFileType = text.xcconfig; name = "Pods-Moop.release.xcconfig"; path = "Target Support Files/Pods-Moop/Pods-Moop.release.xcconfig"; sourceTree = "<group>"; };
		AF133E07AA84A1910C2583F7 /* Pods-MoopTests.debug.xcconfig */ = {isa = PBXFileReference; includeInIndex = 1; lastKnownFileType = text.xcconfig; name = "Pods-MoopTests.debug.xcconfig"; path = "Target Support Files/Pods-MoopTests/Pods-MoopTests.debug.xcconfig"; sourceTree = "<group>"; };
		B71D5F6B31E2569BEB371CA5 /* Pods-Networking.release.xcconfig */ = {isa = PBXFileReference; includeInIndex = 1; lastKnownFileType = text.xcconfig; name = "Pods-Networking.release.xcconfig"; path = "Target Support Files/Pods-Networking/Pods-Networking.release.xcconfig"; sourceTree = "<group>"; };
		B77CA98EA67509EB217ECF11 /* Pods_Networking.framework */ = {isa = PBXFileReference; explicitFileType = wrapper.framework; includeInIndex = 0; path = Pods_Networking.framework; sourceTree = BUILT_PRODUCTS_DIR; };
		EB355564C1BCCEADDF32A988 /* Pods-Moop.debug.xcconfig */ = {isa = PBXFileReference; includeInIndex = 1; lastKnownFileType = text.xcconfig; name = "Pods-Moop.debug.xcconfig"; path = "Target Support Files/Pods-Moop/Pods-Moop.debug.xcconfig"; sourceTree = "<group>"; };
		F6D7796071955DEAF3E6A7AF /* Pods_MoopTests.framework */ = {isa = PBXFileReference; explicitFileType = wrapper.framework; includeInIndex = 0; path = Pods_MoopTests.framework; sourceTree = BUILT_PRODUCTS_DIR; };
/* End PBXFileReference section */

/* Begin PBXFrameworksBuildPhase section */
		3C6601ED22956D38000BA333 /* Frameworks */ = {
			isa = PBXFrameworksBuildPhase;
			buildActionMask = 2147483647;
			files = (
				A0CACA05234F4BAA0076E432 /* StoreKit.framework in Frameworks */,
				A04A4EB42307E884008B0944 /* Networking.framework in Frameworks */,
				0EDD23484A5A214B04612924 /* Pods_Moop.framework in Frameworks */,
			);
			runOnlyForDeploymentPostprocessing = 0;
		};
		3C66020122956D39000BA333 /* Frameworks */ = {
			isa = PBXFrameworksBuildPhase;
			buildActionMask = 2147483647;
			files = (
				B0C760EE98FDCCE04F4B94C2 /* Pods_MoopTests.framework in Frameworks */,
			);
			runOnlyForDeploymentPostprocessing = 0;
		};
		A04A4E9C2307E884008B0944 /* Frameworks */ = {
			isa = PBXFrameworksBuildPhase;
			buildActionMask = 2147483647;
			files = (
				221FA43CED0AA47B7BF7E5FD /* Pods_Networking.framework in Frameworks */,
			);
			runOnlyForDeploymentPostprocessing = 0;
		};
		A04A4EA42307E884008B0944 /* Frameworks */ = {
			isa = PBXFrameworksBuildPhase;
			buildActionMask = 2147483647;
			files = (
				A04A4EA82307E884008B0944 /* Networking.framework in Frameworks */,
			);
			runOnlyForDeploymentPostprocessing = 0;
		};
/* End PBXFrameworksBuildPhase section */

/* Begin PBXGroup section */
		3C61A8A222DF283300F4A7E5 /* Utils */ = {
			isa = PBXGroup;
			children = (
				A01007EB232A6FDC00DC9B55 /* Log.swift */,
				A0CAC9F7234D8AE70076E432 /* PaddingLabel.swift */,
				A0573A60238A4F7600DA00CE /* Jamo.swift */,
			);
			path = Utils;
			sourceTree = "<group>";
		};
		3C6601E722956D38000BA333 = {
			isa = PBXGroup;
			children = (
				3C6601F222956D38000BA333 /* Moop */,
				3C66020722956D3A000BA333 /* MoopTests */,
				A04A4EA02307E884008B0944 /* Networking */,
				A04A4EAD2307E884008B0944 /* NetworkingTests */,
				3C6601F122956D38000BA333 /* Products */,
				7CC273ECE369A706D587E64E /* Pods */,
				FC4485EF88D37C6645F15DFF /* Frameworks */,
			);
			sourceTree = "<group>";
		};
		3C6601F122956D38000BA333 /* Products */ = {
			isa = PBXGroup;
			children = (
				3C6601F022956D38000BA333 /* DEV-Moop.app */,
				3C66020422956D39000BA333 /* MoopTests.xctest */,
				A04A4E9F2307E884008B0944 /* Networking.framework */,
				A04A4EA72307E884008B0944 /* NetworkingTests.xctest */,
			);
			name = Products;
			sourceTree = "<group>";
		};
		3C6601F222956D38000BA333 /* Moop */ = {
			isa = PBXGroup;
			children = (
				3C6601F322956D38000BA333 /* AppDelegate.swift */,
				A0CACA01234F48890076E432 /* AdConfig.swift */,
				3CB6E84C22B9C518008F382C /* MainTabBarController.swift */,
				A063DD282410B87300DE144D /* RealmManager.swift */,
				A022A81B23F57DDB00D13FF7 /* Movie.swift */,
				3C6601F722956D38000BA333 /* Main.storyboard */,
				A0EBD3AE2351E235007A23EB /* Movie */,
				3CB52E6722B4D8BA009FD7D1 /* Detail */,
				A00671EE22FC07C4002FE813 /* Favorite */,
				3C767535229954AF0052BEB6 /* Setting */,
				A0CAEBC022FAEC3800C5C662 /* Map */,
				3C947A8B22D736170075E4DE /* FilterViewController.swift */,
				A06A98A82379709600A6B87D /* FilterData.swift */,
				A054A99123F6855B00E8ADFE /* MovieTimeData.swift */,
				A017CDE422FD36B5002D4B11 /* PosterViewController.swift */,
				3C34938C22E75DA700A77343 /* MovieInfoManager.swift */,
				3CB6E84A22B8EFF2008F382C /* ShortcutManager.swift */,
				3CDCD79022BDD7C400DDD14B /* NotificationManager.swift */,
				A0D2462422F3D9F800F48CBA /* Response */,
				3C767528229918970052BEB6 /* Extensions */,
				3C61A8A222DF283300F4A7E5 /* Utils */,
				3C97B8F822D06C2900ABAEAD /* Resource */,
			);
			path = Moop;
			sourceTree = "<group>";
		};
		3C66020722956D3A000BA333 /* MoopTests */ = {
			isa = PBXGroup;
			children = (
				3C66020822956D3A000BA333 /* MoopTests.swift */,
				3C66020A22956D3A000BA333 /* Info.plist */,
			);
			path = MoopTests;
			sourceTree = "<group>";
		};
		3C767528229918970052BEB6 /* Extensions */ = {
			isa = PBXGroup;
			children = (
				3C7675242299172C0052BEB6 /* UIColor+Extension.swift */,
				3C947A8D22D73C120075E4DE /* UserDefaults+Extension.swift */,
				A02133EE22F1934000AD6D0E /* Storyboard.swift */,
				A0CAC9F3234D6A520076E432 /* Date+Extension.swift */,
				A0CAC9F5234D8A490076E432 /* Int+Extension.swift */,
			);
			path = Extensions;
			sourceTree = "<group>";
		};
		3C767535229954AF0052BEB6 /* Setting */ = {
			isa = PBXGroup;
			children = (
				3C767536229954BA0052BEB6 /* Cells */,
				3C6601F522956D38000BA333 /* SettingViewController.swift */,
				A00671E722FC018A002FE813 /* Setting.storyboard */,
			);
			path = Setting;
			sourceTree = "<group>";
		};
		3C767536229954BA0052BEB6 /* Cells */ = {
			isa = PBXGroup;
			children = (
				3C767531229954A80052BEB6 /* SettingDividerCell.swift */,
				3C767532229954A80052BEB6 /* SettingDividerCell.xib */,
				3C76752D229953590052BEB6 /* SettingItemCell.swift */,
				3C76752E229953590052BEB6 /* SettingItemCell.xib */,
				3C7675292299529C0052BEB6 /* SettingHeaderCell.swift */,
				3C76752A2299529C0052BEB6 /* SettingHeaderCell.xib */,
			);
			path = Cells;
			sourceTree = "<group>";
		};
		3C97B8F822D06C2900ABAEAD /* Resource */ = {
			isa = PBXGroup;
			children = (
				3CDCD79222BDDAD100DDD14B /* Moop.entitlements */,
				3C6601FA22956D39000BA333 /* Assets.xcassets */,
				3C6601FC22956D39000BA333 /* LaunchScreen.storyboard */,
				A08E90592349E447007BFA96 /* GoogleService-Info.plist */,
				3C6601FF22956D39000BA333 /* Info.plist */,
				3CF5B8D0229ACE5F00A4C2BB /* Pods-Moop-acknowledgements.plist */,
				A0CACA03234F499F0076E432 /* Ad.xcconfig */,
				A0657E1F22F8007600EA89FE /* Default.xcconfig */,
				A0657E2122F802CF00EA89FE /* Debug.xcconfig */,
				A0657E2222F802D900EA89FE /* Release.xcconfig */,
				A00671C822FBBBE9002FE813 /* Localizable.strings */,
				A00671CD22FBBC2B002FE813 /* InfoPlist.strings */,
			);
			path = Resource;
			sourceTree = "<group>";
		};
		3CB52E6722B4D8BA009FD7D1 /* Detail */ = {
			isa = PBXGroup;
			children = (
				A00DBC5F240BABFB007AFAFF /* View */,
				A0CAC9DC234D5ECE0076E432 /* Cell */,
				3CBD5EB322960DF7005A24E4 /* MovieDetailView.swift */,
				A00DBC60240BAC21007AFAFF /* MovieDetailPresenter.swift */,
				A00DBC62240BAC2D007AFAFF /* MovieDetailProtocols.swift */,
				A0CAC9ED234D67380076E432 /* TheaterType.swift */,
				A063DD262410B20200DE144D /* Detail.storyboard */,
			);
			path = Detail;
			sourceTree = "<group>";
		};
		7CC273ECE369A706D587E64E /* Pods */ = {
			isa = PBXGroup;
			children = (
				EB355564C1BCCEADDF32A988 /* Pods-Moop.debug.xcconfig */,
				A748664396DF941852859EA3 /* Pods-Moop.release.xcconfig */,
				AF133E07AA84A1910C2583F7 /* Pods-MoopTests.debug.xcconfig */,
				14FCFAAA46A550D61B0571B0 /* Pods-MoopTests.release.xcconfig */,
				353A0FABCEE2360CA22903D0 /* Pods-Networking.debug.xcconfig */,
				B71D5F6B31E2569BEB371CA5 /* Pods-Networking.release.xcconfig */,
			);
			path = Pods;
			sourceTree = "<group>";
		};
		A00671EE22FC07C4002FE813 /* Favorite */ = {
			isa = PBXGroup;
			children = (
				3C34938A22E7584A00A77343 /* FavoriteViewController.swift */,
				A00671F322FC095E002FE813 /* Favorite.storyboard */,
			);
			path = Favorite;
			sourceTree = "<group>";
		};
		A00DBC5F240BABFB007AFAFF /* View */ = {
			isa = PBXGroup;
			children = (
				A0B22467234B6D1A0010F65D /* MovieInfoLabelView.swift */,
				3C1B6E682297A80E009CB740 /* TheaterRankView.swift */,
			);
			path = View;
			sourceTree = "<group>";
		};
		A04A4EA02307E884008B0944 /* Networking */ = {
			isa = PBXGroup;
			children = (
				A04A4EA12307E884008B0944 /* Networking.h */,
				A04A4EA22307E884008B0944 /* Info.plist */,
				A04A4EBD2307E8F4008B0944 /* API.swift */,
				A04A4EC02307EF5D008B0944 /* APIError.swift */,
				A0B6F7BE2307EA2F008A3949 /* APISetupManager.swift */,
				A08E90542349E349007BFA96 /* Config.swift */,
			);
			path = Networking;
			sourceTree = "<group>";
		};
		A04A4EAD2307E884008B0944 /* NetworkingTests */ = {
			isa = PBXGroup;
			children = (
				A04A4EAE2307E884008B0944 /* NetworkingTests.swift */,
				A04A4EB02307E884008B0944 /* Info.plist */,
			);
			path = NetworkingTests;
			sourceTree = "<group>";
		};
		A07F71DC240265A400658F5F /* View */ = {
			isa = PBXGroup;
			children = (
				A0EBD3AC2351DB03007A23EB /* MovieViewSegmentedControl.swift */,
				3C66021822959A18000BA333 /* MovieCell.swift */,
				3C66021922959A18000BA333 /* MovieCell.xib */,
			);
			path = View;
			sourceTree = "<group>";
		};
		A0CAC9DC234D5ECE0076E432 /* Cell */ = {
			isa = PBXGroup;
			children = (
				A0CAC9E9234D656E0076E432 /* PosterWithInfoCell.swift */,
				A0CAC9EA234D656E0076E432 /* PosterWithInfoCell.xib */,
				A0CAC9E5234D63830076E432 /* TheaterCell.swift */,
				A0CAC9E6234D63830076E432 /* TheaterCell.xib */,
				3CB52E6C22B4F0B5009FD7D1 /* TrailerHeaderCell.swift */,
				A0CAC9E1234D5F760076E432 /* TrailerHeaderCell.xib */,
				3CB52E6822B4DC7D009FD7D1 /* TrailerCell.swift */,
				A0CAC9DD234D5EDF0076E432 /* TrailerCell.xib */,
				3CB52E6A22B4DF84009FD7D1 /* TrailerFooterCell.swift */,
				A0CAC9DF234D5F460076E432 /* TrailerFooterCell.xib */,
				A0CAC9D8234CC63A0076E432 /* MovieInfoPlotCell.swift */,
				A0CAC9DA234D5C6A0076E432 /* MovieInfoPlotCell.xib */,
				3CB52E6E22B4F3BA009FD7D1 /* NaverInfoCell.swift */,
				A0CAC9E3234D60380076E432 /* NaverInfoCell.xib */,
				A0CAC9EF234D681C0076E432 /* BoxOfficeCell.swift */,
				A0EBD3CC23548367007A23EB /* BoxOfficeCell.xib */,
				A0CAC9F9234DB5AE0076E432 /* ImdbCell.swift */,
				A0CAC9FA234DB5AE0076E432 /* ImdbCell.xib */,
				A0CAC9FF234F3B7F0076E432 /* NativeAdCell.swift */,
				A0CAC9FD234F33260076E432 /* NativeAdCell.xib */,
			);
			path = Cell;
			sourceTree = "<group>";
		};
		A0CAEBC022FAEC3800C5C662 /* Map */ = {
			isa = PBXGroup;
			children = (
				A0434E3922F089CB004C086B /* MapViewController.swift */,
				A0CAEBBE22FAEAD800C5C662 /* MapRouteView.swift */,
				A0434E3B22F129AC004C086B /* MapInfo.swift */,
			);
			path = Map;
			sourceTree = "<group>";
		};
		A0D2462422F3D9F800F48CBA /* Response */ = {
			isa = PBXGroup;
			children = (
				3C66021E22959F04000BA333 /* MovieResponse.swift */,
				A00DBC64240BB061007AFAFF /* MovieDetailResponse.swift */,
				A0D2462722F3DCF100F48CBA /* AgeType.swift */,
				A00DBC68240E3E62007AFAFF /* NationInfo.swift */,
			);
			path = Response;
			sourceTree = "<group>";
		};
		A0EBD3AE2351E235007A23EB /* Movie */ = {
			isa = PBXGroup;
			children = (
				A07F71DC240265A400658F5F /* View */,
				A0EBD3AF2351E243007A23EB /* MovieView.swift */,
				A0EBD3B32351E4A8007A23EB /* MoviePresenter.swift */,
				A0EBD3B92351E86F007A23EB /* MovieProtocols.swift */,
				A0EBD3B52351E636007A23EB /* MovieModel.swift */,
				A0EBD3BD235480E8007A23EB /* Movie.storyboard */,
			);
			path = Movie;
			sourceTree = "<group>";
		};
		FC4485EF88D37C6645F15DFF /* Frameworks */ = {
			isa = PBXGroup;
			children = (
				A0CACA04234F4BAA0076E432 /* StoreKit.framework */,
				0FB0F0F28D907F86F889E893 /* Pods_Moop.framework */,
				F6D7796071955DEAF3E6A7AF /* Pods_MoopTests.framework */,
				B77CA98EA67509EB217ECF11 /* Pods_Networking.framework */,
			);
			name = Frameworks;
			sourceTree = "<group>";
		};
/* End PBXGroup section */

/* Begin PBXHeadersBuildPhase section */
		A04A4E9A2307E884008B0944 /* Headers */ = {
			isa = PBXHeadersBuildPhase;
			buildActionMask = 2147483647;
			files = (
				A04A4EB12307E884008B0944 /* Networking.h in Headers */,
			);
			runOnlyForDeploymentPostprocessing = 0;
		};
/* End PBXHeadersBuildPhase section */

/* Begin PBXNativeTarget section */
		3C6601EF22956D38000BA333 /* Moop */ = {
			isa = PBXNativeTarget;
			buildConfigurationList = 3C66020D22956D3A000BA333 /* Build configuration list for PBXNativeTarget "Moop" */;
			buildPhases = (
				F87A6A4089411E7E0F51FB7E /* [CP] Check Pods Manifest.lock */,
				3C6601EC22956D38000BA333 /* Sources */,
				3C6601ED22956D38000BA333 /* Frameworks */,
				3C6601EE22956D38000BA333 /* Resources */,
				D0D494C35D318202EAC0412D /* [CP] Embed Pods Frameworks */,
				3C66021322957301000BA333 /* Fabric */,
				A0657E1E22F7F25F00EA89FE /* SwiftLint */,
				A04A4EB62307E884008B0944 /* Embed Frameworks */,
			);
			buildRules = (
			);
			dependencies = (
				A04A4EB32307E884008B0944 /* PBXTargetDependency */,
			);
			name = Moop;
			productName = Moop;
			productReference = 3C6601F022956D38000BA333 /* DEV-Moop.app */;
			productType = "com.apple.product-type.application";
		};
		3C66020322956D39000BA333 /* MoopTests */ = {
			isa = PBXNativeTarget;
			buildConfigurationList = 3C66021022956D3A000BA333 /* Build configuration list for PBXNativeTarget "MoopTests" */;
			buildPhases = (
				23170C1832E49B63592AFC5F /* [CP] Check Pods Manifest.lock */,
				3C66020022956D39000BA333 /* Sources */,
				3C66020122956D39000BA333 /* Frameworks */,
				3C66020222956D39000BA333 /* Resources */,
				A70421C7A43B5A352EE18E2D /* [CP] Embed Pods Frameworks */,
			);
			buildRules = (
			);
			dependencies = (
				3C66020622956D3A000BA333 /* PBXTargetDependency */,
			);
			name = MoopTests;
			productName = MoopTests;
			productReference = 3C66020422956D39000BA333 /* MoopTests.xctest */;
			productType = "com.apple.product-type.bundle.unit-test";
		};
		A04A4E9E2307E884008B0944 /* Networking */ = {
			isa = PBXNativeTarget;
			buildConfigurationList = A04A4EBB2307E884008B0944 /* Build configuration list for PBXNativeTarget "Networking" */;
			buildPhases = (
				34E3B05A5A9BC441781EFA27 /* [CP] Check Pods Manifest.lock */,
				A04A4E9A2307E884008B0944 /* Headers */,
				A04A4E9B2307E884008B0944 /* Sources */,
				A04A4E9C2307E884008B0944 /* Frameworks */,
				A04A4E9D2307E884008B0944 /* Resources */,
			);
			buildRules = (
			);
			dependencies = (
			);
			name = Networking;
			productName = Networking;
			productReference = A04A4E9F2307E884008B0944 /* Networking.framework */;
			productType = "com.apple.product-type.framework";
		};
		A04A4EA62307E884008B0944 /* NetworkingTests */ = {
			isa = PBXNativeTarget;
			buildConfigurationList = A04A4EBC2307E884008B0944 /* Build configuration list for PBXNativeTarget "NetworkingTests" */;
			buildPhases = (
				A04A4EA32307E884008B0944 /* Sources */,
				A04A4EA42307E884008B0944 /* Frameworks */,
				A04A4EA52307E884008B0944 /* Resources */,
			);
			buildRules = (
			);
			dependencies = (
				A04A4EAA2307E884008B0944 /* PBXTargetDependency */,
				A04A4EAC2307E884008B0944 /* PBXTargetDependency */,
			);
			name = NetworkingTests;
			productName = NetworkingTests;
			productReference = A04A4EA72307E884008B0944 /* NetworkingTests.xctest */;
			productType = "com.apple.product-type.bundle.unit-test";
		};
/* End PBXNativeTarget section */

/* Begin PBXProject section */
		3C6601E822956D38000BA333 /* Project object */ = {
			isa = PBXProject;
			attributes = {
				LastSwiftUpdateCheck = 1100;
				LastUpgradeCheck = 1100;
				ORGANIZATIONNAME = kor45cw;
				TargetAttributes = {
					3C6601EF22956D38000BA333 = {
						CreatedOnToolsVersion = 10.2.1;
					};
					3C66020322956D39000BA333 = {
						CreatedOnToolsVersion = 10.2.1;
						TestTargetID = 3C6601EF22956D38000BA333;
					};
					A04A4E9E2307E884008B0944 = {
						CreatedOnToolsVersion = 11.0;
						LastSwiftMigration = 1100;
					};
					A04A4EA62307E884008B0944 = {
						CreatedOnToolsVersion = 11.0;
						TestTargetID = 3C6601EF22956D38000BA333;
					};
				};
			};
			buildConfigurationList = 3C6601EB22956D38000BA333 /* Build configuration list for PBXProject "Moop" */;
			compatibilityVersion = "Xcode 9.3";
			developmentRegion = en;
			hasScannedForEncodings = 0;
			knownRegions = (
				en,
				Base,
				ko,
				ja,
			);
			mainGroup = 3C6601E722956D38000BA333;
			productRefGroup = 3C6601F122956D38000BA333 /* Products */;
			projectDirPath = "";
			projectRoot = "";
			targets = (
				3C6601EF22956D38000BA333 /* Moop */,
				3C66020322956D39000BA333 /* MoopTests */,
				A04A4E9E2307E884008B0944 /* Networking */,
				A04A4EA62307E884008B0944 /* NetworkingTests */,
			);
		};
/* End PBXProject section */

/* Begin PBXResourcesBuildPhase section */
		3C6601EE22956D38000BA333 /* Resources */ = {
			isa = PBXResourcesBuildPhase;
			buildActionMask = 2147483647;
			files = (
				3C767530229953590052BEB6 /* SettingItemCell.xib in Resources */,
				A0CAC9FC234DB5AE0076E432 /* ImdbCell.xib in Resources */,
				A0CAC9DB234D5C6A0076E432 /* MovieInfoPlotCell.xib in Resources */,
				A0CAC9E4234D60380076E432 /* NaverInfoCell.xib in Resources */,
				A0CAC9E8234D63830076E432 /* TheaterCell.xib in Resources */,
				A00671CE22FBBC2B002FE813 /* InfoPlist.strings in Resources */,
				A08E905A2349E447007BFA96 /* GoogleService-Info.plist in Resources */,
				A0CAC9E0234D5F460076E432 /* TrailerFooterCell.xib in Resources */,
				3C6601FE22956D39000BA333 /* LaunchScreen.storyboard in Resources */,
				A00671C622FBBBE9002FE813 /* Localizable.strings in Resources */,
				3C6601FB22956D39000BA333 /* Assets.xcassets in Resources */,
				A0CAC9DE234D5EDF0076E432 /* TrailerCell.xib in Resources */,
				A0CAC9E2234D5F760076E432 /* TrailerHeaderCell.xib in Resources */,
				3C767534229954A80052BEB6 /* SettingDividerCell.xib in Resources */,
				3C76752C2299529C0052BEB6 /* SettingHeaderCell.xib in Resources */,
				A00671F122FC095E002FE813 /* Favorite.storyboard in Resources */,
				A00671E522FC018A002FE813 /* Setting.storyboard in Resources */,
				3C6601F922956D38000BA333 /* Main.storyboard in Resources */,
				A063DD272410B20200DE144D /* Detail.storyboard in Resources */,
				A0EBD3CA23548367007A23EB /* BoxOfficeCell.xib in Resources */,
				3C66021B22959A18000BA333 /* MovieCell.xib in Resources */,
				A0CAC9EC234D656E0076E432 /* PosterWithInfoCell.xib in Resources */,
				A0EBD3BB235480E8007A23EB /* Movie.storyboard in Resources */,
				3CF5B8D1229ACE5F00A4C2BB /* Pods-Moop-acknowledgements.plist in Resources */,
				A0CAC9FE234F33260076E432 /* NativeAdCell.xib in Resources */,
			);
			runOnlyForDeploymentPostprocessing = 0;
		};
		3C66020222956D39000BA333 /* Resources */ = {
			isa = PBXResourcesBuildPhase;
			buildActionMask = 2147483647;
			files = (
			);
			runOnlyForDeploymentPostprocessing = 0;
		};
		A04A4E9D2307E884008B0944 /* Resources */ = {
			isa = PBXResourcesBuildPhase;
			buildActionMask = 2147483647;
			files = (
			);
			runOnlyForDeploymentPostprocessing = 0;
		};
		A04A4EA52307E884008B0944 /* Resources */ = {
			isa = PBXResourcesBuildPhase;
			buildActionMask = 2147483647;
			files = (
			);
			runOnlyForDeploymentPostprocessing = 0;
		};
/* End PBXResourcesBuildPhase section */

/* Begin PBXShellScriptBuildPhase section */
		23170C1832E49B63592AFC5F /* [CP] Check Pods Manifest.lock */ = {
			isa = PBXShellScriptBuildPhase;
			buildActionMask = 2147483647;
			files = (
			);
			inputFileListPaths = (
			);
			inputPaths = (
				"${PODS_PODFILE_DIR_PATH}/Podfile.lock",
				"${PODS_ROOT}/Manifest.lock",
			);
			name = "[CP] Check Pods Manifest.lock";
			outputFileListPaths = (
			);
			outputPaths = (
				"$(DERIVED_FILE_DIR)/Pods-MoopTests-checkManifestLockResult.txt",
			);
			runOnlyForDeploymentPostprocessing = 0;
			shellPath = /bin/sh;
			shellScript = "diff \"${PODS_PODFILE_DIR_PATH}/Podfile.lock\" \"${PODS_ROOT}/Manifest.lock\" > /dev/null\nif [ $? != 0 ] ; then\n    # print error to STDERR\n    echo \"error: The sandbox is not in sync with the Podfile.lock. Run 'pod install' or update your CocoaPods installation.\" >&2\n    exit 1\nfi\n# This output is used by Xcode 'outputs' to avoid re-running this script phase.\necho \"SUCCESS\" > \"${SCRIPT_OUTPUT_FILE_0}\"\n";
			showEnvVarsInLog = 0;
		};
		34E3B05A5A9BC441781EFA27 /* [CP] Check Pods Manifest.lock */ = {
			isa = PBXShellScriptBuildPhase;
			buildActionMask = 2147483647;
			files = (
			);
			inputFileListPaths = (
			);
			inputPaths = (
				"${PODS_PODFILE_DIR_PATH}/Podfile.lock",
				"${PODS_ROOT}/Manifest.lock",
			);
			name = "[CP] Check Pods Manifest.lock";
			outputFileListPaths = (
			);
			outputPaths = (
				"$(DERIVED_FILE_DIR)/Pods-Networking-checkManifestLockResult.txt",
			);
			runOnlyForDeploymentPostprocessing = 0;
			shellPath = /bin/sh;
			shellScript = "diff \"${PODS_PODFILE_DIR_PATH}/Podfile.lock\" \"${PODS_ROOT}/Manifest.lock\" > /dev/null\nif [ $? != 0 ] ; then\n    # print error to STDERR\n    echo \"error: The sandbox is not in sync with the Podfile.lock. Run 'pod install' or update your CocoaPods installation.\" >&2\n    exit 1\nfi\n# This output is used by Xcode 'outputs' to avoid re-running this script phase.\necho \"SUCCESS\" > \"${SCRIPT_OUTPUT_FILE_0}\"\n";
			showEnvVarsInLog = 0;
		};
		3C66021322957301000BA333 /* Fabric */ = {
			isa = PBXShellScriptBuildPhase;
			buildActionMask = 2147483647;
			files = (
			);
			inputFileListPaths = (
			);
			inputPaths = (
			);
			name = Fabric;
			outputFileListPaths = (
			);
			outputPaths = (
			);
			runOnlyForDeploymentPostprocessing = 0;
			shellPath = /bin/sh;
			shellScript = "# Type a script or drag a script file from your workspace to insert its path.\n\"${PODS_ROOT}/Fabric/run\" a02a9ab6a0124eb073e884b5dc5f8c65be8d83ad 4b77a6b389af60eaf42f34a5044ae7e28af084bdf85f8855c32e81549d5c48a8\n";
		};
		A0657E1E22F7F25F00EA89FE /* SwiftLint */ = {
			isa = PBXShellScriptBuildPhase;
			buildActionMask = 2147483647;
			files = (
			);
			inputFileListPaths = (
			);
			inputPaths = (
			);
			name = SwiftLint;
			outputFileListPaths = (
			);
			outputPaths = (
			);
			runOnlyForDeploymentPostprocessing = 0;
			shellPath = /bin/sh;
			shellScript = "\"${PODS_ROOT}/SwiftLint/swiftlint\"\n";
		};
		A70421C7A43B5A352EE18E2D /* [CP] Embed Pods Frameworks */ = {
			isa = PBXShellScriptBuildPhase;
			buildActionMask = 2147483647;
			files = (
			);
			inputFileListPaths = (
				"${PODS_ROOT}/Target Support Files/Pods-MoopTests/Pods-MoopTests-frameworks-${CONFIGURATION}-input-files.xcfilelist",
			);
			name = "[CP] Embed Pods Frameworks";
			outputFileListPaths = (
				"${PODS_ROOT}/Target Support Files/Pods-MoopTests/Pods-MoopTests-frameworks-${CONFIGURATION}-output-files.xcfilelist",
			);
			runOnlyForDeploymentPostprocessing = 0;
			shellPath = /bin/sh;
			shellScript = "\"${PODS_ROOT}/Target Support Files/Pods-MoopTests/Pods-MoopTests-frameworks.sh\"\n";
			showEnvVarsInLog = 0;
		};
		D0D494C35D318202EAC0412D /* [CP] Embed Pods Frameworks */ = {
			isa = PBXShellScriptBuildPhase;
			buildActionMask = 2147483647;
			files = (
			);
			inputFileListPaths = (
				"${PODS_ROOT}/Target Support Files/Pods-Moop/Pods-Moop-frameworks-${CONFIGURATION}-input-files.xcfilelist",
			);
			name = "[CP] Embed Pods Frameworks";
			outputFileListPaths = (
				"${PODS_ROOT}/Target Support Files/Pods-Moop/Pods-Moop-frameworks-${CONFIGURATION}-output-files.xcfilelist",
			);
			runOnlyForDeploymentPostprocessing = 0;
			shellPath = /bin/sh;
			shellScript = "\"${PODS_ROOT}/Target Support Files/Pods-Moop/Pods-Moop-frameworks.sh\"\n";
			showEnvVarsInLog = 0;
		};
		F87A6A4089411E7E0F51FB7E /* [CP] Check Pods Manifest.lock */ = {
			isa = PBXShellScriptBuildPhase;
			buildActionMask = 2147483647;
			files = (
			);
			inputFileListPaths = (
			);
			inputPaths = (
				"${PODS_PODFILE_DIR_PATH}/Podfile.lock",
				"${PODS_ROOT}/Manifest.lock",
			);
			name = "[CP] Check Pods Manifest.lock";
			outputFileListPaths = (
			);
			outputPaths = (
				"$(DERIVED_FILE_DIR)/Pods-Moop-checkManifestLockResult.txt",
			);
			runOnlyForDeploymentPostprocessing = 0;
			shellPath = /bin/sh;
			shellScript = "diff \"${PODS_PODFILE_DIR_PATH}/Podfile.lock\" \"${PODS_ROOT}/Manifest.lock\" > /dev/null\nif [ $? != 0 ] ; then\n    # print error to STDERR\n    echo \"error: The sandbox is not in sync with the Podfile.lock. Run 'pod install' or update your CocoaPods installation.\" >&2\n    exit 1\nfi\n# This output is used by Xcode 'outputs' to avoid re-running this script phase.\necho \"SUCCESS\" > \"${SCRIPT_OUTPUT_FILE_0}\"\n";
			showEnvVarsInLog = 0;
		};
/* End PBXShellScriptBuildPhase section */

/* Begin PBXSourcesBuildPhase section */
		3C6601EC22956D38000BA333 /* Sources */ = {
			isa = PBXSourcesBuildPhase;
			buildActionMask = 2147483647;
			files = (
				A02133EF22F1934000AD6D0E /* Storyboard.swift in Sources */,
				3CDCD79122BDD7C400DDD14B /* NotificationManager.swift in Sources */,
				A0CAEBBF22FAEAD800C5C662 /* MapRouteView.swift in Sources */,
				A0EBD3B02351E243007A23EB /* MovieView.swift in Sources */,
				3C6601F622956D38000BA333 /* SettingViewController.swift in Sources */,
				3C76752B2299529C0052BEB6 /* SettingHeaderCell.swift in Sources */,
				3C34938D22E75DA700A77343 /* MovieInfoManager.swift in Sources */,
				3C76752F229953590052BEB6 /* SettingItemCell.swift in Sources */,
				A0CAC9EE234D67380076E432 /* TheaterType.swift in Sources */,
				A00DBC61240BAC21007AFAFF /* MovieDetailPresenter.swift in Sources */,
				A0EBD3B62351E636007A23EB /* MovieModel.swift in Sources */,
				A0CAC9F8234D8AE70076E432 /* PaddingLabel.swift in Sources */,
				A0EBD3B42351E4A8007A23EB /* MoviePresenter.swift in Sources */,
				A00DBC63240BAC2D007AFAFF /* MovieDetailProtocols.swift in Sources */,
				A0573A61238A4F7600DA00CE /* Jamo.swift in Sources */,
				A0CAC9E7234D63830076E432 /* TheaterCell.swift in Sources */,
				A017CDE522FD36B5002D4B11 /* PosterViewController.swift in Sources */,
				A054A99223F6855B00E8ADFE /* MovieTimeData.swift in Sources */,
				A0CAC9F4234D6A520076E432 /* Date+Extension.swift in Sources */,
				A06A98A92379709600A6B87D /* FilterData.swift in Sources */,
				A0CAC9D9234CC63A0076E432 /* MovieInfoPlotCell.swift in Sources */,
				A0EBD3AD2351DB03007A23EB /* MovieViewSegmentedControl.swift in Sources */,
				A0CAC9F1234D681C0076E432 /* BoxOfficeCell.swift in Sources */,
				3C7675252299172C0052BEB6 /* UIColor+Extension.swift in Sources */,
				3CB52E6F22B4F3BA009FD7D1 /* NaverInfoCell.swift in Sources */,
				A0CAC9EB234D656E0076E432 /* PosterWithInfoCell.swift in Sources */,
				A0D2462822F3DCF100F48CBA /* AgeType.swift in Sources */,
				3CB52E6B22B4DF84009FD7D1 /* TrailerFooterCell.swift in Sources */,
				A0CAC9FB234DB5AE0076E432 /* ImdbCell.swift in Sources */,
				A0CACA02234F48890076E432 /* AdConfig.swift in Sources */,
				3C66021A22959A18000BA333 /* MovieCell.swift in Sources */,
				A0B22468234B6D1A0010F65D /* MovieInfoLabelView.swift in Sources */,
				3C947A8C22D736170075E4DE /* FilterViewController.swift in Sources */,
				A00DBC69240E3E62007AFAFF /* NationInfo.swift in Sources */,
				A0CACA00234F3B7F0076E432 /* NativeAdCell.swift in Sources */,
				A01007EC232A6FDC00DC9B55 /* Log.swift in Sources */,
				A022A81C23F57DDB00D13FF7 /* Movie.swift in Sources */,
				A0EBD3BA2351E86F007A23EB /* MovieProtocols.swift in Sources */,
				3CBD5EB422960DF7005A24E4 /* MovieDetailView.swift in Sources */,
				3C66021F22959F04000BA333 /* MovieResponse.swift in Sources */,
				3C34938B22E7584A00A77343 /* FavoriteViewController.swift in Sources */,
				A063DD292410B87300DE144D /* RealmManager.swift in Sources */,
				3C1B6E692297A80E009CB740 /* TheaterRankView.swift in Sources */,
				3C767533229954A80052BEB6 /* SettingDividerCell.swift in Sources */,
				A0CAC9F6234D8A490076E432 /* Int+Extension.swift in Sources */,
				3C6601F422956D38000BA333 /* AppDelegate.swift in Sources */,
				3CB6E84D22B9C518008F382C /* MainTabBarController.swift in Sources */,
				A0434E3C22F129AC004C086B /* MapInfo.swift in Sources */,
				3CB52E6D22B4F0B5009FD7D1 /* TrailerHeaderCell.swift in Sources */,
				3CB52E6922B4DC7D009FD7D1 /* TrailerCell.swift in Sources */,
				3C947A8E22D73C120075E4DE /* UserDefaults+Extension.swift in Sources */,
				3CB6E84B22B8EFF2008F382C /* ShortcutManager.swift in Sources */,
				A00DBC65240BB061007AFAFF /* MovieDetailResponse.swift in Sources */,
				A0434E3A22F089CB004C086B /* MapViewController.swift in Sources */,
			);
			runOnlyForDeploymentPostprocessing = 0;
		};
		3C66020022956D39000BA333 /* Sources */ = {
			isa = PBXSourcesBuildPhase;
			buildActionMask = 2147483647;
			files = (
				3C66020922956D3A000BA333 /* MoopTests.swift in Sources */,
			);
			runOnlyForDeploymentPostprocessing = 0;
		};
		A04A4E9B2307E884008B0944 /* Sources */ = {
			isa = PBXSourcesBuildPhase;
			buildActionMask = 2147483647;
			files = (
				A0B6F7BF2307EA2F008A3949 /* APISetupManager.swift in Sources */,
				A04A4EC12307EF5D008B0944 /* APIError.swift in Sources */,
				A08E90552349E349007BFA96 /* Config.swift in Sources */,
				A04A4EBE2307E8F4008B0944 /* API.swift in Sources */,
			);
			runOnlyForDeploymentPostprocessing = 0;
		};
		A04A4EA32307E884008B0944 /* Sources */ = {
			isa = PBXSourcesBuildPhase;
			buildActionMask = 2147483647;
			files = (
				A04A4EAF2307E884008B0944 /* NetworkingTests.swift in Sources */,
			);
			runOnlyForDeploymentPostprocessing = 0;
		};
/* End PBXSourcesBuildPhase section */

/* Begin PBXTargetDependency section */
		3C66020622956D3A000BA333 /* PBXTargetDependency */ = {
			isa = PBXTargetDependency;
			target = 3C6601EF22956D38000BA333 /* Moop */;
			targetProxy = 3C66020522956D3A000BA333 /* PBXContainerItemProxy */;
		};
		A04A4EAA2307E884008B0944 /* PBXTargetDependency */ = {
			isa = PBXTargetDependency;
			target = A04A4E9E2307E884008B0944 /* Networking */;
			targetProxy = A04A4EA92307E884008B0944 /* PBXContainerItemProxy */;
		};
		A04A4EAC2307E884008B0944 /* PBXTargetDependency */ = {
			isa = PBXTargetDependency;
			target = 3C6601EF22956D38000BA333 /* Moop */;
			targetProxy = A04A4EAB2307E884008B0944 /* PBXContainerItemProxy */;
		};
		A04A4EB32307E884008B0944 /* PBXTargetDependency */ = {
			isa = PBXTargetDependency;
			target = A04A4E9E2307E884008B0944 /* Networking */;
			targetProxy = A04A4EB22307E884008B0944 /* PBXContainerItemProxy */;
		};
/* End PBXTargetDependency section */

/* Begin PBXVariantGroup section */
		3C6601F722956D38000BA333 /* Main.storyboard */ = {
			isa = PBXVariantGroup;
			children = (
				3C6601F822956D38000BA333 /* Base */,
				A00671B722FBB916002FE813 /* ko */,
				A00671B822FBB923002FE813 /* ja */,
			);
			name = Main.storyboard;
			sourceTree = "<group>";
		};
		3C6601FC22956D39000BA333 /* LaunchScreen.storyboard */ = {
			isa = PBXVariantGroup;
			children = (
				3C6601FD22956D39000BA333 /* Base */,
			);
			name = LaunchScreen.storyboard;
			sourceTree = "<group>";
		};
		A00671C822FBBBE9002FE813 /* Localizable.strings */ = {
			isa = PBXVariantGroup;
			children = (
				A00671C722FBBBE9002FE813 /* en */,
				A00671C922FBBBEA002FE813 /* ja */,
				A00671CA22FBBBEA002FE813 /* ko */,
			);
			name = Localizable.strings;
			sourceTree = "<group>";
		};
		A00671E722FC018A002FE813 /* Setting.storyboard */ = {
			isa = PBXVariantGroup;
			children = (
				A00671E622FC018A002FE813 /* Base */,
				A0EBD3C523548203007A23EB /* en */,
				A0EBD3C723548215007A23EB /* ja */,
				A0EBD3C923548218007A23EB /* ko */,
			);
			name = Setting.storyboard;
			sourceTree = "<group>";
		};
		A00671F322FC095E002FE813 /* Favorite.storyboard */ = {
			isa = PBXVariantGroup;
			children = (
				A00671F222FC095E002FE813 /* Base */,
				A00671F522FC0963002FE813 /* en */,
				A00671F722FC0964002FE813 /* ja */,
				A00671F922FC0965002FE813 /* ko */,
			);
			name = Favorite.storyboard;
			sourceTree = "<group>";
		};
		A0EBD3BD235480E8007A23EB /* Movie.storyboard */ = {
			isa = PBXVariantGroup;
			children = (
				A0EBD3BC235480E8007A23EB /* Base */,
				A0EBD3BF235480EB007A23EB /* en */,
				A0EBD3C1235480EC007A23EB /* ja */,
				A0EBD3C3235480ED007A23EB /* ko */,
			);
			name = Movie.storyboard;
			sourceTree = "<group>";
		};
		A0EBD3CC23548367007A23EB /* BoxOfficeCell.xib */ = {
			isa = PBXVariantGroup;
			children = (
				A0EBD3CB23548367007A23EB /* Base */,
				A0EBD3CE23548370007A23EB /* en */,
				A0EBD3D023548371007A23EB /* ja */,
				A0EBD3D223548373007A23EB /* ko */,
			);
			name = BoxOfficeCell.xib;
			sourceTree = "<group>";
		};
/* End PBXVariantGroup section */

/* Begin XCBuildConfiguration section */
		3C66020B22956D3A000BA333 /* Debug */ = {
			isa = XCBuildConfiguration;
			baseConfigurationReference = A0657E2122F802CF00EA89FE /* Debug.xcconfig */;
			buildSettings = {
				ALWAYS_SEARCH_USER_PATHS = NO;
				CLANG_ANALYZER_LOCALIZABILITY_NONLOCALIZED = YES;
				CLANG_ANALYZER_NONNULL = YES;
				CLANG_ANALYZER_NUMBER_OBJECT_CONVERSION = YES_AGGRESSIVE;
				CLANG_CXX_LANGUAGE_STANDARD = "gnu++14";
				CLANG_CXX_LIBRARY = "libc++";
				CLANG_ENABLE_MODULES = YES;
				CLANG_ENABLE_OBJC_ARC = YES;
				CLANG_ENABLE_OBJC_WEAK = YES;
				CLANG_WARN_BLOCK_CAPTURE_AUTORELEASING = YES;
				CLANG_WARN_BOOL_CONVERSION = YES;
				CLANG_WARN_COMMA = YES;
				CLANG_WARN_CONSTANT_CONVERSION = YES;
				CLANG_WARN_DEPRECATED_OBJC_IMPLEMENTATIONS = YES;
				CLANG_WARN_DIRECT_OBJC_ISA_USAGE = YES_ERROR;
				CLANG_WARN_DOCUMENTATION_COMMENTS = YES;
				CLANG_WARN_EMPTY_BODY = YES;
				CLANG_WARN_ENUM_CONVERSION = YES;
				CLANG_WARN_INFINITE_RECURSION = YES;
				CLANG_WARN_INT_CONVERSION = YES;
				CLANG_WARN_NON_LITERAL_NULL_CONVERSION = YES;
				CLANG_WARN_OBJC_IMPLICIT_RETAIN_SELF = YES;
				CLANG_WARN_OBJC_LITERAL_CONVERSION = YES;
				CLANG_WARN_OBJC_ROOT_CLASS = YES_ERROR;
				CLANG_WARN_RANGE_LOOP_ANALYSIS = YES;
				CLANG_WARN_STRICT_PROTOTYPES = YES;
				CLANG_WARN_SUSPICIOUS_MOVE = YES;
				CLANG_WARN_UNGUARDED_AVAILABILITY = YES_AGGRESSIVE;
				CLANG_WARN_UNREACHABLE_CODE = YES;
				CLANG_WARN__DUPLICATE_METHOD_MATCH = YES;
				CODE_SIGN_IDENTITY = "iPhone Developer";
				COPY_PHASE_STRIP = NO;
				DEBUG_INFORMATION_FORMAT = dwarf;
				ENABLE_STRICT_OBJC_MSGSEND = YES;
				ENABLE_TESTABILITY = YES;
				GCC_C_LANGUAGE_STANDARD = gnu11;
				GCC_DYNAMIC_NO_PIC = NO;
				GCC_NO_COMMON_BLOCKS = YES;
				GCC_OPTIMIZATION_LEVEL = 0;
				GCC_PREPROCESSOR_DEFINITIONS = (
					"DEBUG=1",
					"$(inherited)",
				);
				GCC_WARN_64_TO_32_BIT_CONVERSION = YES;
				GCC_WARN_ABOUT_RETURN_TYPE = YES_ERROR;
				GCC_WARN_UNDECLARED_SELECTOR = YES;
				GCC_WARN_UNINITIALIZED_AUTOS = YES_AGGRESSIVE;
				GCC_WARN_UNUSED_FUNCTION = YES;
				GCC_WARN_UNUSED_VARIABLE = YES;
				IPHONEOS_DEPLOYMENT_TARGET = 12;
				MTL_ENABLE_DEBUG_INFO = INCLUDE_SOURCE;
				MTL_FAST_MATH = YES;
				ONLY_ACTIVE_ARCH = YES;
				SDKROOT = iphoneos;
				SWIFT_ACTIVE_COMPILATION_CONDITIONS = DEBUG;
				SWIFT_OPTIMIZATION_LEVEL = "-Onone";
			};
			name = Debug;
		};
		3C66020C22956D3A000BA333 /* Release */ = {
			isa = XCBuildConfiguration;
			baseConfigurationReference = A0657E2222F802D900EA89FE /* Release.xcconfig */;
			buildSettings = {
				ALWAYS_SEARCH_USER_PATHS = NO;
				CLANG_ANALYZER_LOCALIZABILITY_NONLOCALIZED = YES;
				CLANG_ANALYZER_NONNULL = YES;
				CLANG_ANALYZER_NUMBER_OBJECT_CONVERSION = YES_AGGRESSIVE;
				CLANG_CXX_LANGUAGE_STANDARD = "gnu++14";
				CLANG_CXX_LIBRARY = "libc++";
				CLANG_ENABLE_MODULES = YES;
				CLANG_ENABLE_OBJC_ARC = YES;
				CLANG_ENABLE_OBJC_WEAK = YES;
				CLANG_WARN_BLOCK_CAPTURE_AUTORELEASING = YES;
				CLANG_WARN_BOOL_CONVERSION = YES;
				CLANG_WARN_COMMA = YES;
				CLANG_WARN_CONSTANT_CONVERSION = YES;
				CLANG_WARN_DEPRECATED_OBJC_IMPLEMENTATIONS = YES;
				CLANG_WARN_DIRECT_OBJC_ISA_USAGE = YES_ERROR;
				CLANG_WARN_DOCUMENTATION_COMMENTS = YES;
				CLANG_WARN_EMPTY_BODY = YES;
				CLANG_WARN_ENUM_CONVERSION = YES;
				CLANG_WARN_INFINITE_RECURSION = YES;
				CLANG_WARN_INT_CONVERSION = YES;
				CLANG_WARN_NON_LITERAL_NULL_CONVERSION = YES;
				CLANG_WARN_OBJC_IMPLICIT_RETAIN_SELF = YES;
				CLANG_WARN_OBJC_LITERAL_CONVERSION = YES;
				CLANG_WARN_OBJC_ROOT_CLASS = YES_ERROR;
				CLANG_WARN_RANGE_LOOP_ANALYSIS = YES;
				CLANG_WARN_STRICT_PROTOTYPES = YES;
				CLANG_WARN_SUSPICIOUS_MOVE = YES;
				CLANG_WARN_UNGUARDED_AVAILABILITY = YES_AGGRESSIVE;
				CLANG_WARN_UNREACHABLE_CODE = YES;
				CLANG_WARN__DUPLICATE_METHOD_MATCH = YES;
				CODE_SIGN_IDENTITY = "iPhone Distribution";
				COPY_PHASE_STRIP = NO;
				DEBUG_INFORMATION_FORMAT = "dwarf-with-dsym";
				ENABLE_NS_ASSERTIONS = NO;
				ENABLE_STRICT_OBJC_MSGSEND = YES;
				GCC_C_LANGUAGE_STANDARD = gnu11;
				GCC_NO_COMMON_BLOCKS = YES;
				GCC_WARN_64_TO_32_BIT_CONVERSION = YES;
				GCC_WARN_ABOUT_RETURN_TYPE = YES_ERROR;
				GCC_WARN_UNDECLARED_SELECTOR = YES;
				GCC_WARN_UNINITIALIZED_AUTOS = YES_AGGRESSIVE;
				GCC_WARN_UNUSED_FUNCTION = YES;
				GCC_WARN_UNUSED_VARIABLE = YES;
				IPHONEOS_DEPLOYMENT_TARGET = 12;
				MTL_ENABLE_DEBUG_INFO = NO;
				MTL_FAST_MATH = YES;
				SDKROOT = iphoneos;
				SWIFT_COMPILATION_MODE = wholemodule;
				SWIFT_OPTIMIZATION_LEVEL = "-O";
				VALIDATE_PRODUCT = YES;
			};
			name = Release;
		};
		3C66020E22956D3A000BA333 /* Debug */ = {
			isa = XCBuildConfiguration;
			baseConfigurationReference = EB355564C1BCCEADDF32A988 /* Pods-Moop.debug.xcconfig */;
			buildSettings = {
				ALWAYS_EMBED_SWIFT_STANDARD_LIBRARIES = "$(inherited)";
				ASSETCATALOG_COMPILER_APPICON_NAME = "$(ASSETCATALOG_COMPILER_APPICON_NAME)";
				CODE_SIGN_ENTITLEMENTS = Moop/Resource/Moop.entitlements;
				CODE_SIGN_IDENTITY = "Apple Development";
				CODE_SIGN_STYLE = Automatic;
				CURRENT_PROJECT_VERSION = "$(BUNDLE_VERSION)";
				DEBUG_INFORMATION_FORMAT = "dwarf-with-dsym";
				DEVELOPMENT_TEAM = UQZ9Y78ACS;
				INFOPLIST_FILE = "$(SRCROOT)/Moop/Resource/Info.plist";
				LD_RUNPATH_SEARCH_PATHS = (
					"$(inherited)",
					"@executable_path/Frameworks",
				);
				MARKETING_VERSION = "$(BUNDLE_SHORT_VERSION)";
				PRODUCT_BUNDLE_IDENTIFIER = "$(PRODUCT_BUNDLE_IDENTIFIER)";
				PRODUCT_NAME = "$(PRODUCT_NAME)";
				PROVISIONING_PROFILE_SPECIFIER = "";
				SWIFT_COMPILATION_MODE = wholemodule;
				SWIFT_VERSION = 5.0;
				TARGETED_DEVICE_FAMILY = "1,2";
			};
			name = Debug;
		};
		3C66020F22956D3A000BA333 /* Release */ = {
			isa = XCBuildConfiguration;
			baseConfigurationReference = A748664396DF941852859EA3 /* Pods-Moop.release.xcconfig */;
			buildSettings = {
				ALWAYS_EMBED_SWIFT_STANDARD_LIBRARIES = "$(inherited)";
				ASSETCATALOG_COMPILER_APPICON_NAME = "$(ASSETCATALOG_COMPILER_APPICON_NAME)";
				CODE_SIGN_ENTITLEMENTS = Moop/Resource/Moop.entitlements;
				CODE_SIGN_IDENTITY = "Apple Development";
				CODE_SIGN_STYLE = Automatic;
				CURRENT_PROJECT_VERSION = "$(BUNDLE_VERSION)";
				DEVELOPMENT_TEAM = UQZ9Y78ACS;
				INFOPLIST_FILE = "$(SRCROOT)/Moop/Resource/Info.plist";
				LD_RUNPATH_SEARCH_PATHS = (
					"$(inherited)",
					"@executable_path/Frameworks",
				);
				MARKETING_VERSION = "$(BUNDLE_SHORT_VERSION)";
				PRODUCT_BUNDLE_IDENTIFIER = "$(PRODUCT_BUNDLE_IDENTIFIER)";
				PRODUCT_NAME = "$(PRODUCT_NAME)";
				PROVISIONING_PROFILE_SPECIFIER = "";
				SWIFT_VERSION = 5.0;
				TARGETED_DEVICE_FAMILY = "1,2";
			};
			name = Release;
		};
		3C66021122956D3A000BA333 /* Debug */ = {
			isa = XCBuildConfiguration;
			baseConfigurationReference = AF133E07AA84A1910C2583F7 /* Pods-MoopTests.debug.xcconfig */;
			buildSettings = {
				ALWAYS_EMBED_SWIFT_STANDARD_LIBRARIES = "$(inherited)";
				BUNDLE_LOADER = "$(TEST_HOST)";
				CODE_SIGN_STYLE = Automatic;
				DEVELOPMENT_TEAM = UQZ9Y78ACS;
				INFOPLIST_FILE = MoopTests/Info.plist;
				LD_RUNPATH_SEARCH_PATHS = (
					"$(inherited)",
					"@executable_path/Frameworks",
					"@loader_path/Frameworks",
				);
				PRODUCT_BUNDLE_IDENTIFIER = com.kor45cw.MoopTests;
				PRODUCT_NAME = "$(TARGET_NAME)";
				SWIFT_VERSION = 5.0;
				TARGETED_DEVICE_FAMILY = "1,2";
				TEST_HOST = "$(BUILT_PRODUCTS_DIR)/Moop.app/Moop";
			};
			name = Debug;
		};
		3C66021222956D3A000BA333 /* Release */ = {
			isa = XCBuildConfiguration;
			baseConfigurationReference = 14FCFAAA46A550D61B0571B0 /* Pods-MoopTests.release.xcconfig */;
			buildSettings = {
				ALWAYS_EMBED_SWIFT_STANDARD_LIBRARIES = "$(inherited)";
				BUNDLE_LOADER = "$(TEST_HOST)";
				CODE_SIGN_STYLE = Automatic;
				DEVELOPMENT_TEAM = UQZ9Y78ACS;
				INFOPLIST_FILE = MoopTests/Info.plist;
				LD_RUNPATH_SEARCH_PATHS = (
					"$(inherited)",
					"@executable_path/Frameworks",
					"@loader_path/Frameworks",
				);
				PRODUCT_BUNDLE_IDENTIFIER = com.kor45cw.MoopTests;
				PRODUCT_NAME = "$(TARGET_NAME)";
				SWIFT_VERSION = 5.0;
				TARGETED_DEVICE_FAMILY = "1,2";
				TEST_HOST = "$(BUILT_PRODUCTS_DIR)/Moop.app/Moop";
			};
			name = Release;
		};
		A04A4EB72307E884008B0944 /* Debug */ = {
			isa = XCBuildConfiguration;
			baseConfigurationReference = 353A0FABCEE2360CA22903D0 /* Pods-Networking.debug.xcconfig */;
			buildSettings = {
				CLANG_ENABLE_MODULES = YES;
				CODE_SIGN_IDENTITY = "";
				CODE_SIGN_STYLE = Automatic;
				CURRENT_PROJECT_VERSION = 1;
				DEFINES_MODULE = YES;
				DEVELOPMENT_TEAM = UQZ9Y78ACS;
				DYLIB_COMPATIBILITY_VERSION = 1;
				DYLIB_CURRENT_VERSION = 1;
				DYLIB_INSTALL_NAME_BASE = "@rpath";
				INFOPLIST_FILE = Networking/Info.plist;
				INSTALL_PATH = "$(LOCAL_LIBRARY_DIR)/Frameworks";
				IPHONEOS_DEPLOYMENT_TARGET = 11.0;
				LD_RUNPATH_SEARCH_PATHS = (
					"$(inherited)",
					"@executable_path/Frameworks",
					"@loader_path/Frameworks",
				);
				MARKETING_VERSION = 0.6.0;
				PRODUCT_BUNDLE_IDENTIFIER = com.kor45cw.Networking;
				PRODUCT_NAME = "$(TARGET_NAME:c99extidentifier)";
				SKIP_INSTALL = YES;
				SWIFT_OPTIMIZATION_LEVEL = "-Onone";
				SWIFT_VERSION = 5.0;
				TARGETED_DEVICE_FAMILY = "1,2";
				VERSIONING_SYSTEM = "apple-generic";
				VERSION_INFO_PREFIX = "";
			};
			name = Debug;
		};
		A04A4EB82307E884008B0944 /* Release */ = {
			isa = XCBuildConfiguration;
			baseConfigurationReference = B71D5F6B31E2569BEB371CA5 /* Pods-Networking.release.xcconfig */;
			buildSettings = {
				CLANG_ENABLE_MODULES = YES;
				CODE_SIGN_IDENTITY = "";
				CODE_SIGN_STYLE = Automatic;
				CURRENT_PROJECT_VERSION = 1;
				DEFINES_MODULE = YES;
				DEVELOPMENT_TEAM = UQZ9Y78ACS;
				DYLIB_COMPATIBILITY_VERSION = 1;
				DYLIB_CURRENT_VERSION = 1;
				DYLIB_INSTALL_NAME_BASE = "@rpath";
				INFOPLIST_FILE = Networking/Info.plist;
				INSTALL_PATH = "$(LOCAL_LIBRARY_DIR)/Frameworks";
				IPHONEOS_DEPLOYMENT_TARGET = 11.0;
				LD_RUNPATH_SEARCH_PATHS = (
					"$(inherited)",
					"@executable_path/Frameworks",
					"@loader_path/Frameworks",
				);
				MARKETING_VERSION = 0.6.0;
				PRODUCT_BUNDLE_IDENTIFIER = com.kor45cw.Networking;
				PRODUCT_NAME = "$(TARGET_NAME:c99extidentifier)";
				SKIP_INSTALL = YES;
				SWIFT_VERSION = 5.0;
				TARGETED_DEVICE_FAMILY = "1,2";
				VERSIONING_SYSTEM = "apple-generic";
				VERSION_INFO_PREFIX = "";
			};
			name = Release;
		};
		A04A4EB92307E884008B0944 /* Debug */ = {
			isa = XCBuildConfiguration;
			buildSettings = {
				ALWAYS_EMBED_SWIFT_STANDARD_LIBRARIES = YES;
				CODE_SIGN_STYLE = Automatic;
				DEVELOPMENT_TEAM = UQZ9Y78ACS;
				INFOPLIST_FILE = NetworkingTests/Info.plist;
				IPHONEOS_DEPLOYMENT_TARGET = 11.0;
				LD_RUNPATH_SEARCH_PATHS = (
					"$(inherited)",
					"@executable_path/Frameworks",
					"@loader_path/Frameworks",
				);
				PRODUCT_BUNDLE_IDENTIFIER = com.kor45cw.NetworkingTests;
				PRODUCT_NAME = "$(TARGET_NAME)";
				SWIFT_VERSION = 5.0;
				TARGETED_DEVICE_FAMILY = "1,2";
				TEST_HOST = "$(BUILT_PRODUCTS_DIR)/DEV-Moop.app/DEV-Moop";
			};
			name = Debug;
		};
		A04A4EBA2307E884008B0944 /* Release */ = {
			isa = XCBuildConfiguration;
			buildSettings = {
				ALWAYS_EMBED_SWIFT_STANDARD_LIBRARIES = YES;
				CODE_SIGN_STYLE = Automatic;
				DEVELOPMENT_TEAM = UQZ9Y78ACS;
				INFOPLIST_FILE = NetworkingTests/Info.plist;
				IPHONEOS_DEPLOYMENT_TARGET = 11.0;
				LD_RUNPATH_SEARCH_PATHS = (
					"$(inherited)",
					"@executable_path/Frameworks",
					"@loader_path/Frameworks",
				);
				PRODUCT_BUNDLE_IDENTIFIER = com.kor45cw.NetworkingTests;
				PRODUCT_NAME = "$(TARGET_NAME)";
				SWIFT_VERSION = 5.0;
				TARGETED_DEVICE_FAMILY = "1,2";
				TEST_HOST = "$(BUILT_PRODUCTS_DIR)/DEV-Moop.app/DEV-Moop";
			};
			name = Release;
		};
/* End XCBuildConfiguration section */

/* Begin XCConfigurationList section */
		3C6601EB22956D38000BA333 /* Build configuration list for PBXProject "Moop" */ = {
			isa = XCConfigurationList;
			buildConfigurations = (
				3C66020B22956D3A000BA333 /* Debug */,
				3C66020C22956D3A000BA333 /* Release */,
			);
			defaultConfigurationIsVisible = 0;
			defaultConfigurationName = Release;
		};
		3C66020D22956D3A000BA333 /* Build configuration list for PBXNativeTarget "Moop" */ = {
			isa = XCConfigurationList;
			buildConfigurations = (
				3C66020E22956D3A000BA333 /* Debug */,
				3C66020F22956D3A000BA333 /* Release */,
			);
			defaultConfigurationIsVisible = 0;
			defaultConfigurationName = Release;
		};
		3C66021022956D3A000BA333 /* Build configuration list for PBXNativeTarget "MoopTests" */ = {
			isa = XCConfigurationList;
			buildConfigurations = (
				3C66021122956D3A000BA333 /* Debug */,
				3C66021222956D3A000BA333 /* Release */,
			);
			defaultConfigurationIsVisible = 0;
			defaultConfigurationName = Release;
		};
		A04A4EBB2307E884008B0944 /* Build configuration list for PBXNativeTarget "Networking" */ = {
			isa = XCConfigurationList;
			buildConfigurations = (
				A04A4EB72307E884008B0944 /* Debug */,
				A04A4EB82307E884008B0944 /* Release */,
			);
			defaultConfigurationIsVisible = 0;
			defaultConfigurationName = Release;
		};
		A04A4EBC2307E884008B0944 /* Build configuration list for PBXNativeTarget "NetworkingTests" */ = {
			isa = XCConfigurationList;
			buildConfigurations = (
				A04A4EB92307E884008B0944 /* Debug */,
				A04A4EBA2307E884008B0944 /* Release */,
			);
			defaultConfigurationIsVisible = 0;
			defaultConfigurationName = Release;
		};
/* End XCConfigurationList section */
	};
	rootObject = 3C6601E822956D38000BA333 /* Project object */;
}
