PODS:
  - AcknowList (1.9)
  - Alamofire (5.0.0-beta.7)
  - AlamofireNetworkActivityIndicator (3.0.0-beta.3):
    - Alamofire (~> 5.0.0-beta.6)
  - Crashlytics (3.13.4):
    - Fabric (~> 1.10.2)
  - CTFeedbackSwift (0.1.7)
  - Fabric (1.10.2)
  - Firebase/Core (6.6.0):
    - Firebase/CoreOnly
    - FirebaseAnalytics (= 6.1.0)
  - Firebase/CoreOnly (6.6.0):
    - FirebaseCore (= 6.2.0)
  - Firebase/Messaging (6.6.0):
    - Firebase/CoreOnly
    - FirebaseMessaging (~> 4.1.2)
  - FirebaseAnalytics (6.1.0):
    - FirebaseCore (~> 6.2)
    - FirebaseInstanceID (~> 4.2)
    - GoogleAppMeasurement (= 6.1.0)
    - GoogleUtilities/AppDelegateSwizzler (~> 6.0)
    - GoogleUtilities/MethodSwizzler (~> 6.0)
    - GoogleUtilities/Network (~> 6.0)
    - "GoogleUtilities/NSData+zlib (~> 6.0)"
    - nanopb (~> 0.3)
  - FirebaseAnalyticsInterop (1.3.0)
  - FirebaseCore (6.2.0):
    - FirebaseCoreDiagnostics (~> 1.0)
    - FirebaseCoreDiagnosticsInterop (~> 1.0)
    - GoogleUtilities/Environment (~> 6.2)
    - GoogleUtilities/Logger (~> 6.2)
  - FirebaseCoreDiagnostics (1.0.1):
    - FirebaseCoreDiagnosticsInterop (~> 1.0)
    - GoogleDataTransportCCTSupport (~> 1.0)
    - GoogleUtilities/Environment (~> 6.2)
    - GoogleUtilities/Logger (~> 6.2)
  - FirebaseCoreDiagnosticsInterop (1.0.0)
  - FirebaseInstanceID (4.2.3):
    - FirebaseCore (~> 6.0)
    - GoogleUtilities/Environment (~> 6.0)
    - GoogleUtilities/UserDefaults (~> 6.0)
  - FirebaseMessaging (4.1.2):
    - FirebaseAnalyticsInterop (~> 1.3)
    - FirebaseCore (~> 6.2)
    - FirebaseInstanceID (~> 4.1)
    - GoogleUtilities/AppDelegateSwizzler (~> 6.2)
    - GoogleUtilities/Environment (~> 6.2)
    - GoogleUtilities/Reachability (~> 6.2)
    - GoogleUtilities/UserDefaults (~> 6.2)
    - Protobuf (~> 3.1)
  - FTLinearActivityIndicator (1.2.1)
  - GoogleAppMeasurement (6.1.0):
    - GoogleUtilities/AppDelegateSwizzler (~> 6.0)
    - GoogleUtilities/MethodSwizzler (~> 6.0)
    - GoogleUtilities/Network (~> 6.0)
    - "GoogleUtilities/NSData+zlib (~> 6.0)"
    - nanopb (~> 0.3)
  - GoogleDataTransport (1.1.1)
  - GoogleDataTransportCCTSupport (1.0.1):
    - GoogleDataTransport (~> 1.1)
    - nanopb
  - GoogleUtilities/AppDelegateSwizzler (6.2.5):
    - GoogleUtilities/Environment
    - GoogleUtilities/Logger
    - GoogleUtilities/Network
  - GoogleUtilities/Environment (6.2.5)
  - GoogleUtilities/Logger (6.2.5):
    - GoogleUtilities/Environment
  - GoogleUtilities/MethodSwizzler (6.2.5):
    - GoogleUtilities/Logger
  - GoogleUtilities/Network (6.2.5):
    - GoogleUtilities/Logger
    - "GoogleUtilities/NSData+zlib"
    - GoogleUtilities/Reachability
  - "GoogleUtilities/NSData+zlib (6.2.5)"
  - GoogleUtilities/Reachability (6.2.5):
    - GoogleUtilities/Logger
  - GoogleUtilities/UserDefaults (6.2.5):
    - GoogleUtilities/Logger
  - nanopb (0.3.901):
    - nanopb/decode (= 0.3.901)
    - nanopb/encode (= 0.3.901)
  - nanopb/decode (0.3.901)
  - nanopb/encode (0.3.901)
  - Nimble (8.0.2)
  - Protobuf (3.9.0)
  - Quick (2.1.0)
  - SDWebImage (5.1.0):
    - SDWebImage/Core (= 5.1.0)
  - SDWebImage/Core (5.1.0)
  - SwiftLint (0.34.0)
  - Wormholy (1.4.1)

DEPENDENCIES:
  - AcknowList
  - AlamofireNetworkActivityIndicator (~> 3.0.0-beta.3)
  - Crashlytics
  - CTFeedbackSwift
  - Fabric
  - Firebase/Core
  - Firebase/Messaging
  - FTLinearActivityIndicator
  - Nimble
  - Quick
  - SDWebImage
  - SwiftLint
  - Wormholy

SPEC REPOS:
  https://github.com/cocoapods/specs.git:
    - AcknowList
    - Alamofire
    - AlamofireNetworkActivityIndicator
    - Crashlytics
    - CTFeedbackSwift
    - Fabric
    - Firebase
    - FirebaseAnalytics
    - FirebaseAnalyticsInterop
    - FirebaseCore
    - FirebaseCoreDiagnostics
    - FirebaseCoreDiagnosticsInterop
    - FirebaseInstanceID
    - FirebaseMessaging
    - FTLinearActivityIndicator
    - GoogleAppMeasurement
    - GoogleDataTransport
    - GoogleDataTransportCCTSupport
    - GoogleUtilities
    - nanopb
    - Nimble
    - Protobuf
    - Quick
    - SDWebImage
    - SwiftLint
    - Wormholy

SPEC CHECKSUMS:
  AcknowList: 06fde3319971dfd517ea1b1c194d78eb8cd774a2
  Alamofire: bd07938ceecad59d2492aeecb1f785a8f2721160
  AlamofireNetworkActivityIndicator: 592c612ef9bb2e9f55f00ad99f72b2222f0bf33f
  Crashlytics: 2dfd686bcb918dc10ee0e76f7f853fe42c7bd552
  CTFeedbackSwift: 2a0d844ef8bade492f3cad59b21c8bd8300f5a91
  Fabric: 706c8b8098fff96c33c0db69cbf81f9c551d0d74
  Firebase: a2b5951f30ff38fd3b3bdae9c7d340f940fd3c51
  FirebaseAnalytics: 48414ae5cbf6976d8a2f7177e0466540e5ab33ce
  FirebaseAnalyticsInterop: 0f250d71e8741352407a8db351e6de78c5c56d35
  FirebaseCore: 8c9e08bce0c72a3affd83927d8184cf244918bc8
  FirebaseCoreDiagnostics: 4c04ae09d0ab027c30179828c6bb47764df1bd13
  FirebaseCoreDiagnosticsInterop: 6829da2b8d1fc795ff1bd99df751d3788035d2cb
  FirebaseInstanceID: 8b42755db950682e7de0d167bc6fb26a57b244af
  FirebaseMessaging: ddd74d13644ef24cc4e2d95cabd1cf408e99b7b0
  FTLinearActivityIndicator: a3ef57034bd05bc80c1a7c62c8797c0361fa7bee
  GoogleAppMeasurement: 47285fa897e5a125df56b9ef8750a1d81e4598a8
  GoogleDataTransport: ffbadce4ab93c88fb9dd8e6366c47bfcb4a32193
  GoogleDataTransportCCTSupport: 3451e7d8ba19093e533362a6d78d6d9014c6a037
  GoogleUtilities: e7dc37039b19df7fe543479d3e4a02ac8d11bb69
  nanopb: 2901f78ea1b7b4015c860c2fdd1ea2fee1a18d48
  Nimble: 622629381bda1dd5678162f21f1368cec7cbba60
  Protobuf: 1097ca58584c8d9be81bfbf2c5ff5975648dd87a
  Quick: 4be43f6634acfa727dd106bdf3929ce125ffa79d
  SDWebImage: fb387001955223213dde14bc08c8b73f371f8d8f
  SwiftLint: 79d48a17c6565dc286c37efb8322c7b450f95c67
  Wormholy: f2488b9690976459a3ce6680ec099143724418d8

PODFILE CHECKSUM: 3c1cc10badc83212e9f79ad7a3d4fe37500ee4c2

COCOAPODS: 1.7.5
