{
  "object": {
    "pins": [
      {
        "package": "AcknowList",
        "repositoryURL": "https://github.com/vtourraine/AcknowList",
        "state": {
          "branch": null,
          "revision": "467c4cb1474fec99156d52671f0c5dc84b1ae315",
          "version": "1.9.4"
        }
      },
      {
        "package": "Alamofire",
        "repositoryURL": "https://github.com/Alamofire/Alamofire.git",
        "state": {
          "branch": null,
          "revision": "becd9a729a37bdbef5bc39dc3c702b99f9e3d046",
          "version": "5.2.2"
        }
      },
      {
        "package": "AlamofireNetworkActivityIndicator",
        "repositoryURL": "https://github.com/Alamofire/AlamofireNetworkActivityIndicator",
        "state": {
          "branch": null,
          "revision": "392bed083e8d193aca16bfa684ee24e4bcff0510",
          "version": "3.1.0"
        }
      },
      {
        "package": "CTFeedbackSwift",
        "repositoryURL": "https://github.com/rizumita/CTFeedbackSwift",
        "state": {
          "branch": null,
          "revision": "acfb41759a05bcce12397a2674d0dabd9807788e",
          "version": "0.1.8"
        }
      },
      {
        "package": "Facebook",
        "repositoryURL": "https://github.com/facebook/facebook-ios-sdk",
        "state": {
          "branch": null,
          "revision": "a3ef4451928249e18bb3ae5b7cb906134ed63b26",
          "version": "7.1.1"
        }
      },
      {
        "package": "FTLinearActivityIndicator",
        "repositoryURL": "https://github.com/futuretap/FTLinearActivityIndicator",
        "state": {
          "branch": null,
          "revision": "d8b196450f5d8b76369002c1178b47e00f1df81a",
          "version": "1.3.1"
        }
      },
      {
        "package": "kor45cw-Extension",
        "repositoryURL": "https://github.com/kor45cw/kor45cw-Extension",
        "state": {
          "branch": null,
          "revision": "6aa322a82f9e35e42606c0cfc02d57393fb72766",
          "version": "0.0.4"
        }
      },
      {
        "package": "Realm",
        "repositoryURL": "https://github.com/realm/realm-cocoa",
        "state": {
          "branch": null,
          "revision": "5d296d8a3750ac86e731263b44e2ba0c3c85f2cb",
          "version": "5.3.2"
        }
      },
      {
        "package": "RealmCore",
        "repositoryURL": "https://github.com/realm/realm-core",
        "state": {
          "branch": null,
          "revision": "55a0d32516c0f3a5fd3ab8c0224ee22efcc7cd58",
          "version": "6.0.12"
        }
      },
      {
        "package": "SDWebImage",
        "repositoryURL": "https://github.com/SDWebImage/SDWebImage",
        "state": {
          "branch": null,
          "revision": "2f9ef53b99a25bdfba97660c69c42cb54e323b78",
          "version": "5.8.4"
        }
      },
      {
        "package": "SwiftyStoreKit",
        "repositoryURL": "https://github.com/bizz84/SwiftyStoreKit",
        "state": {
          "branch": null,
          "revision": "9974acf07b31b6f5bf363d5118dc1bd4fcac6122",
          "version": "0.16.1"
        }
      }
    ]
  },
  "version": 1
}
